PODS:
  - Alamofire (4.8.2)
  - AlamofireNetworkActivityIndicator (2.4.0):
    - Alamofire (~> 4.8)
  - AutoScrollLabel (0.4.3)
  - Bolts (1.9.0):
    - Bolts/AppLinks (= 1.9.0)
    - Bolts/Tasks (= 1.9.0)
  - Bolts/AppLinks (1.9.0):
    - Bolts/Tasks
  - Bolts/Tasks (1.9.0)
  - Crashlytics (3.12.0):
    - Fabric (~> 1.9.0)
  - Fabric (1.9.0)
  - FBSDKCoreKit (4.44.1):
    - Bolts (~> 1.9)
  - FBSDKLoginKit (4.44.1):
    - FBSDKCoreKit
  - FBSDKShareKit (4.44.1):
    - FBSDKCoreKit
  - HTMLEntities (3.0.12)
  - Kingfisher (4.10.0)
  - Moya/Core (13.0.0):
    - Alamofire (~> 4.1)
    - Result (~> 4.1)
  - Moya/RxSwift (13.0.0):
    - Moya/Core
    - RxSwift (~> 4.0)
  - Realm (3.14.1):
    - Realm/Headers (= 3.14.1)
  - Realm/Headers (3.14.1)
  - RealmSwift (3.14.1):
    - Realm (= 3.14.1)
  - Result (4.1.0)
  - RxAlamofire (4.3.0):
    - RxAlamofire/Core (= 4.3.0)
  - RxAlamofire/Core (4.3.0):
    - Alamofire (~> 4.5)
    - RxSwift (~> 4)
  - RxCocoa (4.4.1):
    - RxSwift (~> 4.0)
  - RxRealm (0.7.6):
    - RealmSwift (~> 3.0)
    - RxSwift (~> 4.0)
  - RxSwift (4.3.1)
  - StreamingKit (0.1.31)
  - SwiftyJSON (4.1.0)
  - SwipeCellKit (2.6.0)
  - ToggleSwitch (1.2.1):
    - ToggleSwitch/Core (= 1.2.1)
  - ToggleSwitch/Core (1.2.1)
  - TwitterCore (3.2.0)
  - TwitterKit (3.4.2):
    - TwitterCore (>= 3.2.0)

DEPENDENCIES:
  - Alamofire
  - AlamofireNetworkActivityIndicator
  - AutoScrollLabel
  - Crashlytics
  - Fabric
  - FBSDKCoreKit
  - FBSDKLoginKit
  - FBSDKShareKit
  - HTMLEntities (from `https://github.com/IBM-Swift/swift-html-entities.git`)
  - Kingfisher
  - Moya/RxSwift
  - RealmSwift
  - RxAlamofire
  - RxCocoa
  - RxRealm
  - RxSwift
  - StreamingKit (from `https://github.com/tumtumtum/StreamingKit.git`, branch `master`)
  - SwiftyJSON
  - SwipeCellKit
  - ToggleSwitch (~> 1.0)
  - TwitterKit

SPEC REPOS:
  https://github.com/cocoapods/specs.git:
    - Alamofire
    - AlamofireNetworkActivityIndicator
    - AutoScrollLabel
    - Bolts
    - Crashlytics
    - Fabric
    - FBSDKCoreKit
    - FBSDKLoginKit
    - FBSDKShareKit
    - Kingfisher
    - Moya
    - Realm
    - RealmSwift
    - Result
    - RxAlamofire
    - RxCocoa
    - RxRealm
    - RxSwift
    - SwiftyJSON
    - SwipeCellKit
    - ToggleSwitch
    - TwitterCore
    - TwitterKit

EXTERNAL SOURCES:
  HTMLEntities:
    :git: https://github.com/IBM-Swift/swift-html-entities.git
  StreamingKit:
    :branch: master
    :git: https://github.com/tumtumtum/StreamingKit.git

CHECKOUT OPTIONS:
  HTMLEntities:
    :commit: 544e7e0e404edeb239d4bb86e5cbe5929c0809bf
    :git: https://github.com/IBM-Swift/swift-html-entities.git
  StreamingKit:
    :commit: 07451cb2e6c640763191c6152fae56d8a98b7abf
    :git: https://github.com/tumtumtum/StreamingKit.git

SPEC CHECKSUMS:
  Alamofire: ae5c501addb7afdbb13687d7f2f722c78734c2d3
  AlamofireNetworkActivityIndicator: 9acc3de3ca6645bf0efed462396b0df13dd3e7b8
  AutoScrollLabel: bee53a1d4532569b49cbecaf9b80ca003bed3767
  Bolts: ac6567323eac61e203f6a9763667d0f711be34c8
  Crashlytics: 07fb167b1694128c1c9a5a5cc319b0e9c3ca0933
  Fabric: f988e33c97f08930a413e08123064d2e5f68d655
  FBSDKCoreKit: a823ae35bdb60ebb8d7a7e51abe7c5d87d2bfced
  FBSDKLoginKit: 54ae59987f2a8703021557c90a9aebb9e5c2bef6
  FBSDKShareKit: 526d4cfb713d24855fa23d0dd74e191accd3a720
  HTMLEntities: b195103df85a07c6174ed52435d30ae90085fa44
  Kingfisher: 43c4b802d8b5256cf1f4379e9cd10b329be6d3e2
  Moya: 161263550064ff8a4948e8ff63137fd72a876292
  Realm: e12c9c2387d05c5bba3a9c394838f5870e85763b
  RealmSwift: a82eab9b04c3e1616082c7e17aa300740847769c
  Result: bd966fac789cc6c1563440b348ab2598cc24d5c7
  RxAlamofire: 09624d0f2d48ed8b686e4eb4cf68e28cbd2df556
  RxCocoa: 2f35a76bf8887872e28a1914112395b11b8e0e64
  RxRealm: 5379eddd74f8d617ca7681d1f8d144af25b432b0
  RxSwift: fe0fd770a43acdb7d0a53da411c9b892e69bb6e4
  StreamingKit: 017093dadc370099b78457e860a0433aa8be5552
  SwiftyJSON: c29297daf073d2aa016295d5809cdd68045c39b3
  SwipeCellKit: 935ca28c187ec6e1ffb2b578cf8ddca842bfdcbb
  ToggleSwitch: 528853e108d090fb78e68692bd7d8742a07c11dd
  TwitterCore: 8cbc9ad34d91c63a0035ea05bfbfc0d7ca72a28c
  TwitterKit: 5e4f41d70b9abdb41df5467f52d7aa2c0fd26ebb

PODFILE CHECKSUM: 783960c1b50bd7ae79ba1bd4630da14c3028368e

COCOAPODS: 1.5.3
