PODS:
  - Alamofire (4.5.0)
  - AlamofireNetworkActivityIndicator (2.2.0):
    - Alamofire (~> 4.5)
  - AutoScrollLabel (0.4.3)
  - Bolts (1.8.4):
    - Bolts/AppLinks (= 1.8.4)
    - Bolts/Tasks (= 1.8.4)
  - Bolts/AppLinks (1.8.4):
    - Bolts/Tasks
  - Bolts/Tasks (1.8.4)
  - Crashlytics (3.8.5):
    - Fabric (~> 1.6.3)
  - Fabric (1.6.12)
  - FBSDKCoreKit (4.25.0):
    - Bolts (~> 1.7)
  - FBSDKLoginKit (4.25.0):
    - FBSDKCoreKit
  - FBSDKShareKit (4.25.0):
    - FBSDKCoreKit
  - Kingfisher (3.10.4)
  - Omicron (0.1.2):
    - Omicron/Core (= 0.1.2)
  - Omicron/Core (0.1.2):
    - Alamofire (~> 4.0)
    - SwiftyJSON
  - Omicron/RxSwift (0.1.2):
    - Omicron/Core
    - RxSwift (~> 3.0)
  - Realm (2.9.0):
    - Realm/Headers (= 2.9.0)
  - Realm/Headers (2.9.0)
  - RealmSwift (2.9.0):
    - Realm (= 2.9.0)
  - RxAlamofire (3.0.3):
    - RxAlamofire/Core (= 3.0.3)
  - RxAlamofire/Core (3.0.3):
    - Alamofire (~> 4.0)
    - RxSwift (~> 3.0)
  - RxCocoa (3.6.1):
    - RxSwift (~> 3.6)
  - RxRealm (0.6.0):
    - RealmSwift (~> 2.5)
    - RxSwift (~> 3.2)
  - RxSwift (3.6.1)
  - SDWebImage (4.1.0):
    - SDWebImage/Core (= 4.1.0)
  - SDWebImage/Core (4.1.0)
  - SwiftyJSON (3.1.4)
  - ToggleSwitch (1.0):
    - ToggleSwitch/Core (= 1.0)
  - ToggleSwitch/Core (1.0)
  - TwitterCore (3.0.0)
  - TwitterKit (3.0.4):
    - TwitterCore (>= 3.0.0)

DEPENDENCIES:
  - Alamofire
  - AlamofireNetworkActivityIndicator
  - AutoScrollLabel
  - Bolts
  - Crashlytics
  - Fabric
  - FBSDKCoreKit
  - FBSDKLoginKit
  - FBSDKShareKit
  - Kingfisher
  - Omicron
  - Omicron/RxSwift
  - RealmSwift
  - RxAlamofire
  - RxCocoa (~> 3.0)
  - RxRealm
  - RxSwift (~> 3.0)
  - SDWebImage
  - SwiftyJSON
  - ToggleSwitch (~> 1.0)
  - TwitterKit

SPEC CHECKSUMS:
  Alamofire: f28cdffd29de33a7bfa022cbd63ae95a27fae140
  AlamofireNetworkActivityIndicator: 81e1630e7cfed22a4e4e82a174c59e651dc4f8ca
  AutoScrollLabel: bee53a1d4532569b49cbecaf9b80ca003bed3767
  Bolts: 8a7995239dbe724f9cba2248b766d48b7ebdd322
  Crashlytics: dfbae35ef22ca189240d230ad501feea4ee85d2d
  Fabric: f050464eac45a2ce5a8e6e6a07e977c0df32fe28
  FBSDKCoreKit: 53e3f4bfb64e80c5f229dd30ae33ff57fbbbd2d1
  FBSDKLoginKit: f628c09684dae9c17f071cf90b014e886f5093ea
  FBSDKShareKit: aea699d3cac749af08e360f4e949b82ffa8813f5
  Kingfisher: dc3a4983e86d2dfa89513664983a82340c11a289
  Omicron: ddc026f62a0a6ae38215eaae080d7b39be8042ae
  Realm: f14ab1673502559cb16592ddb8f383c474c13e05
  RealmSwift: 16ad2c187042c4934f49750375582fe508627dcb
  RxAlamofire: 5eb39188c4917ad98127c0ecb4878a61b7517003
  RxCocoa: 84a08739ab186248c7f31ce4ee92d6f8a947d690
  RxRealm: 323de579b50b5e0f4a3e087d5925021f976ffaf1
  RxSwift: f9de85ea20cd2f7716ee5409fc13523dc638e4e4
  SDWebImage: 0e435c14e402a6730315a0fb79f95e68654d55a4
  SwiftyJSON: c2842d878f95482ffceec5709abc3d05680c0220
  ToggleSwitch: 20f212f8770d1dd33ba5ac981e0b96564e60f305
  TwitterCore: 8ce250be1eb34633a0e6acc89520d4165ec52c10
  TwitterKit: 5064d99632a8d6e5f1364e6e8f7b211d196c0840

PODFILE CHECKSUM: 8e844af5e407a0c3b89570eb6dfaf6188e0907fb

COCOAPODS: 1.2.1
