PODS:
  - Alamofire (4.8.2)
  - AlamofireNetworkActivityIndicator (2.4.0):
    - Alamofire (~> 4.8)
  - AutoScrollLabel (0.4.3)
  - Crashlytics (3.13.1):
    - Fabric (~> 1.10.1)
  - Fabric (1.10.1)
  - FBSDKCoreKit (5.0.2):
    - FBSDKCoreKit/Basics (= 5.0.2)
    - FBSDKCoreKit/Core (= 5.0.2)
  - FBSDKCoreKit/Basics (5.0.2)
  - FBSDKCoreKit/Core (5.0.2):
    - FBSDKCoreKit/Basics
  - FBSDKLoginKit (5.0.2):
    - FBSDKCoreKit (~> 5.0)
  - FBSDKShareKit (5.0.2):
    - FBSDKCoreKit (~> 5.0)
  - HTMLEntities (3.0.13)
  - Kingfisher (5.6.0)
  - Moya/Core (13.0.1):
    - Alamofire (~> 4.1)
    - Result (~> 4.1)
  - Moya/RxSwift (13.0.1):
    - Moya/Core
    - RxSwift (~> 4.0)
  - Realm (3.16.2):
    - Realm/Headers (= 3.16.2)
  - Realm/Headers (3.16.2)
  - RealmSwift (3.16.2):
    - Realm (= 3.16.2)
  - Result (4.1.0)
  - RxAlamofire (4.4.1):
    - RxAlamofire/Core (= 4.4.1)
  - RxAlamofire/Core (4.4.1):
    - Alamofire (~> 4.8)
    - RxSwift (~> 4.5)
  - RxCocoa (4.5.0):
    - RxSwift (>= 4.4.2, ~> 4.4)
  - RxRealm (0.7.6):
    - RealmSwift (~> 3.0)
    - RxSwift (~> 4.0)
  - RxSwift (4.5.0)
  - StreamingKit (0.1.31)
  - SwiftyJSON (5.0.0)
  - SwipeCellKit (2.6.0)
  - ToggleSwitch (1.2.1):
    - ToggleSwitch/Core (= 1.2.1)
  - ToggleSwitch/Core (1.2.1)
  - TwitterCore (3.2.0)
  - TwitterKit (3.4.2):
    - TwitterCore (>= 3.2.0)

DEPENDENCIES:
  - Alamofire
  - AlamofireNetworkActivityIndicator
  - AutoScrollLabel
  - Crashlytics
  - Fabric
  - FBSDKCoreKit
  - FBSDKLoginKit
  - FBSDKShareKit
  - HTMLEntities (from `https://github.com/IBM-Swift/swift-html-entities.git`)
  - Kingfisher
  - Moya/RxSwift
  - RealmSwift
  - RxAlamofire
  - RxCocoa
  - RxRealm
  - RxSwift
  - StreamingKit (from `https://github.com/tumtumtum/StreamingKit.git`, branch `master`)
  - SwiftyJSON
  - SwipeCellKit
  - ToggleSwitch (~> 1.0)
  - TwitterKit

SPEC REPOS:
  https://github.com/cocoapods/specs.git:
    - Alamofire
    - AlamofireNetworkActivityIndicator
    - AutoScrollLabel
    - Crashlytics
    - Fabric
    - FBSDKCoreKit
    - FBSDKLoginKit
    - FBSDKShareKit
    - Kingfisher
    - Moya
    - Realm
    - RealmSwift
    - Result
    - RxAlamofire
    - RxCocoa
    - RxRealm
    - RxSwift
    - SwiftyJSON
    - SwipeCellKit
    - ToggleSwitch
    - TwitterCore
    - TwitterKit

EXTERNAL SOURCES:
  HTMLEntities:
    :git: https://github.com/IBM-Swift/swift-html-entities.git
  StreamingKit:
    :branch: master
    :git: https://github.com/tumtumtum/StreamingKit.git

CHECKOUT OPTIONS:
  HTMLEntities:
    :commit: eef4eeb38feff7253e1a9553b53fe87bb17d301e
    :git: https://github.com/IBM-Swift/swift-html-entities.git
  StreamingKit:
    :commit: 07451cb2e6c640763191c6152fae56d8a98b7abf
    :git: https://github.com/tumtumtum/StreamingKit.git

SPEC CHECKSUMS:
  Alamofire: ae5c501addb7afdbb13687d7f2f722c78734c2d3
  AlamofireNetworkActivityIndicator: 9acc3de3ca6645bf0efed462396b0df13dd3e7b8
  AutoScrollLabel: bee53a1d4532569b49cbecaf9b80ca003bed3767
  Crashlytics: 5aa8e90dcbf2f34898b4f5a0037787531246cca0
  Fabric: f6f21452846788bb44595d73e9909d79d328e617
  FBSDKCoreKit: 3e41c402eb64ea7799c71833ff9e5690f27b9c42
  FBSDKLoginKit: a88f36da648e4c5d60eb261c63eac067abb97130
  FBSDKShareKit: 8695bbb97c18a381bbf2851a3f24f95a59121b82
  HTMLEntities: 83738511518b3f29cf9644d0877505b8d3d1a849
  Kingfisher: 1a50df6880a60bae26f3e21a0df3d17b892f5e0b
  Moya: f4a4b80ff2f8a4ffc208dfb31cd91636622fee6e
  Realm: 0e73b4edeb5b6a90da3d83206883b2e34e00eb38
  RealmSwift: a81e650171ef0a5f999df1ed8d39ba8d6fce88a4
  Result: bd966fac789cc6c1563440b348ab2598cc24d5c7
  RxAlamofire: ed65f451f5a9a59419b0b9e705043dc01410edd9
  RxCocoa: cbf70265dc65a981d4ac982e513c10cf23df24a0
  RxRealm: 5379eddd74f8d617ca7681d1f8d144af25b432b0
  RxSwift: f172070dfd1a93d70a9ab97a5a01166206e1c575
  StreamingKit: 017093dadc370099b78457e860a0433aa8be5552
  SwiftyJSON: 36413e04c44ee145039d332b4f4e2d3e8d6c4db7
  SwipeCellKit: 935ca28c187ec6e1ffb2b578cf8ddca842bfdcbb
  ToggleSwitch: 528853e108d090fb78e68692bd7d8742a07c11dd
  TwitterCore: 8cbc9ad34d91c63a0035ea05bfbfc0d7ca72a28c
  TwitterKit: 5e4f41d70b9abdb41df5467f52d7aa2c0fd26ebb

PODFILE CHECKSUM: f841216e39fdcbba0c6fe250c469c9f2c0c9d7f8

COCOAPODS: 1.7.0
