// !$*UTF8*$!
{
	archiveVersion = 1;
	classes = {
	};
	objectVersion = 48;
	objects = {

/* Begin PBXBuildFile section */
		2FC85D66549865E3B59F0384 /* Pods_OffradioTests.framework in Frameworks */ = {isa = PBXBuildFile; fileRef = 95070E035A81D40C76C891ED /* Pods_OffradioTests.framework */; };
		8BD23FE4A6183C713D75E9AF /* Pods_Offradio.framework in Frameworks */ = {isa = PBXBuildFile; fileRef = F57F6E387D03608F5F3F87B0 /* Pods_Offradio.framework */; };
		B50395521E4BA33200D9A71B /* APIRequest.swift in Sources */ = {isa = PBXBuildFile; fileRef = B503954A1E4BA33200D9A71B /* APIRequest.swift */; };
		B50395551E4BA33200D9A71B /* RequestParameters.swift in Sources */ = {isa = PBXBuildFile; fileRef = B503954D1E4BA33200D9A71B /* RequestParameters.swift */; };
		B50395561E4BA33200D9A71B /* APIResponse.swift in Sources */ = {isa = PBXBuildFile; fileRef = B503954F1E4BA33200D9A71B /* APIResponse.swift */; };
		B50395571E4BA33200D9A71B /* APIService.swift in Sources */ = {isa = PBXBuildFile; fileRef = B50395511E4BA33200D9A71B /* APIService.swift */; };
		B503956E1E4BCA0100D9A71B /* APIURL.swift in Sources */ = {isa = PBXBuildFile; fileRef = B50395691E4BCA0100D9A71B /* APIURL.swift */; };
		B503956F1E4BCA0100D9A71B /* NowPlayingService.swift in Sources */ = {isa = PBXBuildFile; fileRef = B503956B1E4BCA0100D9A71B /* NowPlayingService.swift */; };
		B50395701E4BCA0100D9A71B /* PlaylistService.swift in Sources */ = {isa = PBXBuildFile; fileRef = B503956C1E4BCA0100D9A71B /* PlaylistService.swift */; };
		B50395711E4BCA0100D9A71B /* ScheduleService.swift in Sources */ = {isa = PBXBuildFile; fileRef = B503956D1E4BCA0100D9A71B /* ScheduleService.swift */; };
		B50395741E4BCA3C00D9A71B /* Reusable.swift in Sources */ = {isa = PBXBuildFile; fileRef = B50395731E4BCA3C00D9A71B /* Reusable.swift */; };
		B50395761E4BCAE800D9A71B /* UITableViewExtensions.swift in Sources */ = {isa = PBXBuildFile; fileRef = B50395751E4BCAE800D9A71B /* UITableViewExtensions.swift */; };
		B503957A1E4BEB5E00D9A71B /* Configurable.swift in Sources */ = {isa = PBXBuildFile; fileRef = B50395791E4BEB5E00D9A71B /* Configurable.swift */; };
		B507C0A11E54CE3000792414 /* PlaylistCellViewModel.swift in Sources */ = {isa = PBXBuildFile; fileRef = B507C0A01E54CE3000792414 /* PlaylistCellViewModel.swift */; };
		B507C0A41E550AD900792414 /* PlaylistFavouritesLayer.swift in Sources */ = {isa = PBXBuildFile; fileRef = B507C0A31E550AD900792414 /* PlaylistFavouritesLayer.swift */; };
		B507C0A61E56869800792414 /* DataLayer.swift in Sources */ = {isa = PBXBuildFile; fileRef = B507C0A51E56869800792414 /* DataLayer.swift */; };
		B51BE4E21E3ABF79005775F4 /* libRadioKit.a in Frameworks */ = {isa = PBXBuildFile; fileRef = B51BE4DF1E3ABF79005775F4 /* libRadioKit.a */; };
		B51E3FB61E4B9B76009F4C37 /* NowPlaying.swift in Sources */ = {isa = PBXBuildFile; fileRef = B51E3FB51E4B9B76009F4C37 /* NowPlaying.swift */; };
		B51E3FB81E4B9C06009F4C37 /* Playlist.swift in Sources */ = {isa = PBXBuildFile; fileRef = B51E3FB71E4B9C06009F4C37 /* Playlist.swift */; };
		B51E3FBA1E4B9E50009F4C37 /* Schedule.swift in Sources */ = {isa = PBXBuildFile; fileRef = B51E3FB91E4B9E50009F4C37 /* Schedule.swift */; };
		B51E3FBC1E4B9F49009F4C37 /* Producer.swift in Sources */ = {isa = PBXBuildFile; fileRef = B51E3FBB1E4B9F49009F4C37 /* Producer.swift */; };
		B524E5FD1E672622003A75EE /* ProducersService.swift in Sources */ = {isa = PBXBuildFile; fileRef = B524E5FC1E672622003A75EE /* ProducersService.swift */; };
		B52A6C231E36B3BE005893D2 /* LeagueGothic-Italic.otf in Resources */ = {isa = PBXBuildFile; fileRef = B52A6C211E36B3BE005893D2 /* LeagueGothic-Italic.otf */; };
		B52A6C241E36B3BE005893D2 /* LetterGothicStd-Bold.otf in Resources */ = {isa = PBXBuildFile; fileRef = B52A6C221E36B3BE005893D2 /* LetterGothicStd-Bold.otf */; };
		B52A6C3E1E36BAC2005893D2 /* ASyncMethods.swift in Sources */ = {isa = PBXBuildFile; fileRef = B52A6C381E36BAC2005893D2 /* ASyncMethods.swift */; };
		B52A6C3F1E36BAC2005893D2 /* Constants.swift in Sources */ = {isa = PBXBuildFile; fileRef = B52A6C391E36BAC2005893D2 /* Constants.swift */; };
		B52A6C421E36BAC2005893D2 /* Log.swift in Sources */ = {isa = PBXBuildFile; fileRef = B52A6C3C1E36BAC2005893D2 /* Log.swift */; };
		B52A6C451E36BCBB005893D2 /* DateFormat.swift in Sources */ = {isa = PBXBuildFile; fileRef = B52A6C441E36BCBB005893D2 /* DateFormat.swift */; };
		B53942891E4A8E0E00AF5BE5 /* Assets.xcassets in Resources */ = {isa = PBXBuildFile; fileRef = B53942881E4A8E0E00AF5BE5 /* Assets.xcassets */; };
		B53942A91E4A8E2C00AF5BE5 /* ToggleBase.m in Sources */ = {isa = PBXBuildFile; fileRef = B539428D1E4A8E2C00AF5BE5 /* ToggleBase.m */; };
		B53942AA1E4A8E2C00AF5BE5 /* ToggleButton.m in Sources */ = {isa = PBXBuildFile; fileRef = B539428F1E4A8E2C00AF5BE5 /* ToggleButton.m */; };
		B53942AB1E4A8E2C00AF5BE5 /* ToggleView.m in Sources */ = {isa = PBXBuildFile; fileRef = B53942911E4A8E2C00AF5BE5 /* ToggleView.m */; };
		B53942AC1E4A8E2C00AF5BE5 /* left_button_off@2x.png in Resources */ = {isa = PBXBuildFile; fileRef = B53942931E4A8E2C00AF5BE5 /* left_button_off@2x.png */; };
		B53942AD1E4A8E2C00AF5BE5 /* left_button_off@3x.png in Resources */ = {isa = PBXBuildFile; fileRef = B53942941E4A8E2C00AF5BE5 /* left_button_off@3x.png */; };
		B53942AE1E4A8E2C00AF5BE5 /* left_button_on@2x.png in Resources */ = {isa = PBXBuildFile; fileRef = B53942951E4A8E2C00AF5BE5 /* left_button_on@2x.png */; };
		B53942AF1E4A8E2C00AF5BE5 /* left_button_on@3x.png in Resources */ = {isa = PBXBuildFile; fileRef = B53942961E4A8E2C00AF5BE5 /* left_button_on@3x.png */; };
		B53942B01E4A8E2C00AF5BE5 /* right_button_off@2x.png in Resources */ = {isa = PBXBuildFile; fileRef = B53942971E4A8E2C00AF5BE5 /* right_button_off@2x.png */; };
		B53942B11E4A8E2C00AF5BE5 /* right_button_off@3x.png in Resources */ = {isa = PBXBuildFile; fileRef = B53942981E4A8E2C00AF5BE5 /* right_button_off@3x.png */; };
		B53942B21E4A8E2C00AF5BE5 /* right_button_on@2x.png in Resources */ = {isa = PBXBuildFile; fileRef = B53942991E4A8E2C00AF5BE5 /* right_button_on@2x.png */; };
		B53942B31E4A8E2C00AF5BE5 /* right_button_on@3x.png in Resources */ = {isa = PBXBuildFile; fileRef = B539429A1E4A8E2C00AF5BE5 /* right_button_on@3x.png */; };
		B53942B41E4A8E2C00AF5BE5 /* toggle_base.png in Resources */ = {isa = PBXBuildFile; fileRef = B539429B1E4A8E2C00AF5BE5 /* toggle_base.png */; };
		B53942B51E4A8E2C00AF5BE5 /* toggle_base@2x.png in Resources */ = {isa = PBXBuildFile; fileRef = B539429C1E4A8E2C00AF5BE5 /* toggle_base@2x.png */; };
		B53942B61E4A8E2C00AF5BE5 /* toggle_base@3x.png in Resources */ = {isa = PBXBuildFile; fileRef = B539429D1E4A8E2C00AF5BE5 /* toggle_base@3x.png */; };
		B53942B71E4A8E2C00AF5BE5 /* toggle_base_l@2x.png in Resources */ = {isa = PBXBuildFile; fileRef = B539429E1E4A8E2C00AF5BE5 /* toggle_base_l@2x.png */; };
		B53942B81E4A8E2C00AF5BE5 /* toggle_base_l@3x.png in Resources */ = {isa = PBXBuildFile; fileRef = B539429F1E4A8E2C00AF5BE5 /* toggle_base_l@3x.png */; };
		B53942B91E4A8E2C00AF5BE5 /* toggle_base_r@2x.png in Resources */ = {isa = PBXBuildFile; fileRef = B53942A01E4A8E2C00AF5BE5 /* toggle_base_r@2x.png */; };
		B53942BA1E4A8E2C00AF5BE5 /* toggle_base_r@3x.png in Resources */ = {isa = PBXBuildFile; fileRef = B53942A11E4A8E2C00AF5BE5 /* toggle_base_r@3x.png */; };
		B53942BB1E4A8E2C00AF5BE5 /* toggle_button.png in Resources */ = {isa = PBXBuildFile; fileRef = B53942A21E4A8E2C00AF5BE5 /* toggle_button.png */; };
		B53942BC1E4A8E2C00AF5BE5 /* toggle_button@2x.png in Resources */ = {isa = PBXBuildFile; fileRef = B53942A31E4A8E2C00AF5BE5 /* toggle_button@2x.png */; };
		B53942BD1E4A8E2C00AF5BE5 /* toggle_button@3x.png in Resources */ = {isa = PBXBuildFile; fileRef = B53942A41E4A8E2C00AF5BE5 /* toggle_button@3x.png */; };
		B53942BE1E4A8E2C00AF5BE5 /* toggle_button_l@2x.png in Resources */ = {isa = PBXBuildFile; fileRef = B53942A51E4A8E2C00AF5BE5 /* toggle_button_l@2x.png */; };
		B53942BF1E4A8E2C00AF5BE5 /* toggle_button_l@3x.png in Resources */ = {isa = PBXBuildFile; fileRef = B53942A61E4A8E2C00AF5BE5 /* toggle_button_l@3x.png */; };
		B53942C01E4A8E2C00AF5BE5 /* toggle_button_r@2x.png in Resources */ = {isa = PBXBuildFile; fileRef = B53942A71E4A8E2C00AF5BE5 /* toggle_button_r@2x.png */; };
		B53942C11E4A8E2C00AF5BE5 /* toggle_button_r@3x.png in Resources */ = {isa = PBXBuildFile; fileRef = B53942A81E4A8E2C00AF5BE5 /* toggle_button_r@3x.png */; };
		B53942CC1E4A990200AF5BE5 /* left_button_off@2x~ipad.png in Resources */ = {isa = PBXBuildFile; fileRef = B53942C21E4A990200AF5BE5 /* left_button_off@2x~ipad.png */; };
		B53942CD1E4A990200AF5BE5 /* left_button_on@2x~ipad.png in Resources */ = {isa = PBXBuildFile; fileRef = B53942C31E4A990200AF5BE5 /* left_button_on@2x~ipad.png */; };
		B53942CE1E4A990200AF5BE5 /* right_button_off@2x~ipad.png in Resources */ = {isa = PBXBuildFile; fileRef = B53942C41E4A990200AF5BE5 /* right_button_off@2x~ipad.png */; };
		B53942CF1E4A990200AF5BE5 /* right_button_on@2x~ipad.png in Resources */ = {isa = PBXBuildFile; fileRef = B53942C51E4A990200AF5BE5 /* right_button_on@2x~ipad.png */; };
		B53942D01E4A990200AF5BE5 /* toggle_base_l@2x~ipad.png in Resources */ = {isa = PBXBuildFile; fileRef = B53942C61E4A990200AF5BE5 /* toggle_base_l@2x~ipad.png */; };
		B53942D11E4A990200AF5BE5 /* toggle_base_r@2x~ipad.png in Resources */ = {isa = PBXBuildFile; fileRef = B53942C71E4A990200AF5BE5 /* toggle_base_r@2x~ipad.png */; };
		B53942D21E4A990200AF5BE5 /* toggle_base@2x~ipad.png in Resources */ = {isa = PBXBuildFile; fileRef = B53942C81E4A990200AF5BE5 /* toggle_base@2x~ipad.png */; };
		B53942D31E4A990200AF5BE5 /* toggle_button_l@2x~ipad.png in Resources */ = {isa = PBXBuildFile; fileRef = B53942C91E4A990200AF5BE5 /* toggle_button_l@2x~ipad.png */; };
		B53942D41E4A990200AF5BE5 /* toggle_button_r@2x~ipad.png in Resources */ = {isa = PBXBuildFile; fileRef = B53942CA1E4A990200AF5BE5 /* toggle_button_r@2x~ipad.png */; };
		B53942D51E4A990200AF5BE5 /* toggle_button@2x~ipad.png in Resources */ = {isa = PBXBuildFile; fileRef = B53942CB1E4A990200AF5BE5 /* toggle_button@2x~ipad.png */; };
		B53942D71E4A99B800AF5BE5 /* RadioViewModel.swift in Sources */ = {isa = PBXBuildFile; fileRef = B53942D61E4A99B800AF5BE5 /* RadioViewModel.swift */; };
		B54BC8A71E36A9DC0043F248 /* AppDelegate.swift in Sources */ = {isa = PBXBuildFile; fileRef = B54BC8A61E36A9DC0043F248 /* AppDelegate.swift */; };
		B54BC8C91E36A9DC0043F248 /* OffradioUITests.swift in Sources */ = {isa = PBXBuildFile; fileRef = B54BC8C81E36A9DC0043F248 /* OffradioUITests.swift */; };
		B54DC4CB1E5C9EA600FA376D /* UIViewExtensions.swift in Sources */ = {isa = PBXBuildFile; fileRef = B54DC4CA1E5C9EA600FA376D /* UIViewExtensions.swift */; };
		B54DC4CE1E5CA39400FA376D /* FavouritesViewController.swift in Sources */ = {isa = PBXBuildFile; fileRef = B54DC4CD1E5CA39400FA376D /* FavouritesViewController.swift */; };
		B54DC4D01E5CA3A600FA376D /* FavouritesViewModel.swift in Sources */ = {isa = PBXBuildFile; fileRef = B54DC4CF1E5CA3A600FA376D /* FavouritesViewModel.swift */; };
		B54E087E1E4D10C400B54FB3 /* ProducerBioViewController.swift in Sources */ = {isa = PBXBuildFile; fileRef = B54E08771E4D10C400B54FB3 /* ProducerBioViewController.swift */; };
		B54E087F1E4D10C400B54FB3 /* ScheduleTableViewCell.swift in Sources */ = {isa = PBXBuildFile; fileRef = B54E08791E4D10C400B54FB3 /* ScheduleTableViewCell.swift */; };
		B54E08801E4D10C400B54FB3 /* ScheduleDelegate.swift in Sources */ = {isa = PBXBuildFile; fileRef = B54E087B1E4D10C400B54FB3 /* ScheduleDelegate.swift */; };
		B54E08811E4D10C400B54FB3 /* ScheduleViewModel.swift in Sources */ = {isa = PBXBuildFile; fileRef = B54E087C1E4D10C400B54FB3 /* ScheduleViewModel.swift */; };
		B54E08821E4D10C400B54FB3 /* ScheduleViewController.swift in Sources */ = {isa = PBXBuildFile; fileRef = B54E087D1E4D10C400B54FB3 /* ScheduleViewController.swift */; };
		B54E08841E4D242A00B54FB3 /* NSMutableAttributedStringExtensions.swift in Sources */ = {isa = PBXBuildFile; fileRef = B54E08831E4D242A00B54FB3 /* NSMutableAttributedStringExtensions.swift */; };
		B54E08861E4D554E00B54FB3 /* DateExtensions.swift in Sources */ = {isa = PBXBuildFile; fileRef = B54E08851E4D554E00B54FB3 /* DateExtensions.swift */; };
		B54E088A1E4E2FB200B54FB3 /* ContactTableViewCell.swift in Sources */ = {isa = PBXBuildFile; fileRef = B54E08891E4E2FB200B54FB3 /* ContactTableViewCell.swift */; };
		B54E088D1E4E306500B54FB3 /* ContactViewModel.swift in Sources */ = {isa = PBXBuildFile; fileRef = B54E088C1E4E306500B54FB3 /* ContactViewModel.swift */; };
		B54E088F1E4E307700B54FB3 /* ContactModels.swift in Sources */ = {isa = PBXBuildFile; fileRef = B54E088E1E4E307700B54FB3 /* ContactModels.swift */; };
		B54E08911E4E3ED800B54FB3 /* UIApplicationExtensions.swift in Sources */ = {isa = PBXBuildFile; fileRef = B54E08901E4E3ED800B54FB3 /* UIApplicationExtensions.swift */; };
		B5656F151E64814C00E5DB0E /* MockAPIService.swift in Sources */ = {isa = PBXBuildFile; fileRef = B5656F101E64814C00E5DB0E /* MockAPIService.swift */; };
		B5656F161E64814C00E5DB0E /* DummyModel.json in Resources */ = {isa = PBXBuildFile; fileRef = B5656F121E64814C00E5DB0E /* DummyModel.json */; };
		B5656F171E64814C00E5DB0E /* DummyPersons.json in Resources */ = {isa = PBXBuildFile; fileRef = B5656F131E64814C00E5DB0E /* DummyPersons.json */; };
		B5656F181E64814C00E5DB0E /* mock-person.json in Resources */ = {isa = PBXBuildFile; fileRef = B5656F141E64814C00E5DB0E /* mock-person.json */; };
		B5656F1A1E64857D00E5DB0E /* Offradio.swift in Sources */ = {isa = PBXBuildFile; fileRef = B5656F191E64857D00E5DB0E /* Offradio.swift */; };
		B5656F1C1E6485C100E5DB0E /* OffradioMetadata.swift in Sources */ = {isa = PBXBuildFile; fileRef = B5656F1B1E6485C100E5DB0E /* OffradioMetadata.swift */; };
		B5656F241E64D8F600E5DB0E /* OffradioCommandCenter.swift in Sources */ = {isa = PBXBuildFile; fileRef = B5656F231E64D8F600E5DB0E /* OffradioCommandCenter.swift */; };
		B5656F281E64FCAF00E5DB0E /* OffradioNowPlayingInfoCenter.swift in Sources */ = {isa = PBXBuildFile; fileRef = B5656F271E64FCAF00E5DB0E /* OffradioNowPlayingInfoCenter.swift */; };
		B5656F301E65025B00E5DB0E /* LastFMApiService.swift in Sources */ = {isa = PBXBuildFile; fileRef = B5656F2F1E65025B00E5DB0E /* LastFMApiService.swift */; };
		B5656F321E65DC9A00E5DB0E /* SDWebImageManager+Rx.swift in Sources */ = {isa = PBXBuildFile; fileRef = B5656F311E65DC9A00E5DB0E /* SDWebImageManager+Rx.swift */; };
		B569603D1E4908D0003BFBC6 /* RadioViewController.swift in Sources */ = {isa = PBXBuildFile; fileRef = B569603C1E4908D0003BFBC6 /* RadioViewController.swift */; };
		B569603F1E490907003BFBC6 /* Theme.swift in Sources */ = {isa = PBXBuildFile; fileRef = B569603E1E490907003BFBC6 /* Theme.swift */; };
		B56960421E490957003BFBC6 /* Radio.swift in Sources */ = {isa = PBXBuildFile; fileRef = B56960411E490957003BFBC6 /* Radio.swift */; };
		B56960441E4909D0003BFBC6 /* MobileCoreServices.framework in Frameworks */ = {isa = PBXBuildFile; fileRef = B56960431E4909D0003BFBC6 /* MobileCoreServices.framework */; };
		B56960461E4909E0003BFBC6 /* MediaPlayer.framework in Frameworks */ = {isa = PBXBuildFile; fileRef = B56960451E4909E0003BFBC6 /* MediaPlayer.framework */; };
		B569604C1E491A15003BFBC6 /* UIViewControllerExtensions.swift in Sources */ = {isa = PBXBuildFile; fileRef = B569604B1E491A15003BFBC6 /* UIViewControllerExtensions.swift */; };
		B56960521E492A35003BFBC6 /* MainTabBarViewController.swift in Sources */ = {isa = PBXBuildFile; fileRef = B56960501E492A35003BFBC6 /* MainTabBarViewController.swift */; };
		B56960531E492A35003BFBC6 /* OffradioContentViewController.swift in Sources */ = {isa = PBXBuildFile; fileRef = B56960511E492A35003BFBC6 /* OffradioContentViewController.swift */; };
		B56960591E492AA1003BFBC6 /* ContactViewController.swift in Sources */ = {isa = PBXBuildFile; fileRef = B56960581E492AA1003BFBC6 /* ContactViewController.swift */; };
		B56960681E495891003BFBC6 /* RadioViewController.storyboard in Resources */ = {isa = PBXBuildFile; fileRef = B56960671E495891003BFBC6 /* RadioViewController.storyboard */; };
		B58649F41E61BC2F00501AF7 /* APIRequestTests.swift in Sources */ = {isa = PBXBuildFile; fileRef = B58649F31E61BC2F00501AF7 /* APIRequestTests.swift */; };
		B58649F61E61BC8600501AF7 /* APIResponseTests.swift in Sources */ = {isa = PBXBuildFile; fileRef = B58649F51E61BC8600501AF7 /* APIResponseTests.swift */; };
		B58649F91E61BF3B00501AF7 /* DummyModel.swift in Sources */ = {isa = PBXBuildFile; fileRef = B58649F81E61BF3B00501AF7 /* DummyModel.swift */; };
		B58649FB1E61BF7C00501AF7 /* DummyAPIResponse.swift in Sources */ = {isa = PBXBuildFile; fileRef = B58649FA1E61BF7C00501AF7 /* DummyAPIResponse.swift */; };
		B58649FD1E61C4A800501AF7 /* ModelResult.swift in Sources */ = {isa = PBXBuildFile; fileRef = B58649FC1E61C4A800501AF7 /* ModelResult.swift */; };
		B58649FF1E61C53400501AF7 /* APIServiceTests.swift in Sources */ = {isa = PBXBuildFile; fileRef = B58649FE1E61C53400501AF7 /* APIServiceTests.swift */; };
		B5955D7E1E5F6C34002C1405 /* PlayerCircleContainerView.swift in Sources */ = {isa = PBXBuildFile; fileRef = B5955D7D1E5F6C34002C1405 /* PlayerCircleContainerView.swift */; };
		B5955D801E5F6C51002C1405 /* NowPlayingButton.swift in Sources */ = {isa = PBXBuildFile; fileRef = B5955D7F1E5F6C51002C1405 /* NowPlayingButton.swift */; };
		B5A4EB9E1E36C1E800A1E8B1 /* UIColorExtensions.swift in Sources */ = {isa = PBXBuildFile; fileRef = B5A4EB9C1E36C1E800A1E8B1 /* UIColorExtensions.swift */; };
		B5A4EB9F1E36C1E800A1E8B1 /* UIFontAppSpecific.swift in Sources */ = {isa = PBXBuildFile; fileRef = B5A4EB9D1E36C1E800A1E8B1 /* UIFontAppSpecific.swift */; };
		B5BA38351E4F65D900DB49C9 /* PlaylistViewController.swift in Sources */ = {isa = PBXBuildFile; fileRef = B5BA38341E4F65D900DB49C9 /* PlaylistViewController.swift */; };
		B5BA383E1E4F67CB00DB49C9 /* PlaylistTableViewCell.swift in Sources */ = {isa = PBXBuildFile; fileRef = B5BA383B1E4F67CB00DB49C9 /* PlaylistTableViewCell.swift */; };
		B5BA383F1E4F67CB00DB49C9 /* PlaylistViewModel.swift in Sources */ = {isa = PBXBuildFile; fileRef = B5BA383D1E4F67CB00DB49C9 /* PlaylistViewModel.swift */; };
		B5BA38411E4F702200DB49C9 /* UIScrollView+Rx.swift in Sources */ = {isa = PBXBuildFile; fileRef = B5BA38401E4F702200DB49C9 /* UIScrollView+Rx.swift */; };
		B5BA38431E4FA50100DB49C9 /* StringExtensions.swift in Sources */ = {isa = PBXBuildFile; fileRef = B5BA38421E4FA50100DB49C9 /* StringExtensions.swift */; };
		B5BB248F1E4B6B9B006FC751 /* AnimationsFactory.swift in Sources */ = {isa = PBXBuildFile; fileRef = B5BB248E1E4B6B9B006FC751 /* AnimationsFactory.swift */; };
		B5D923761E65E45E0013A3F4 /* CurrentTrack.swift in Sources */ = {isa = PBXBuildFile; fileRef = B5D923751E65E45E0013A3F4 /* CurrentTrack.swift */; };
		B5D923781E65E4800013A3F4 /* Show.swift in Sources */ = {isa = PBXBuildFile; fileRef = B5D923771E65E4800013A3F4 /* Show.swift */; };
		B5D9237A1E6700310013A3F4 /* RealmMigrationLayer.swift in Sources */ = {isa = PBXBuildFile; fileRef = B5D923791E6700310013A3F4 /* RealmMigrationLayer.swift */; };
		B5F125251E5CC82400579D4B /* HorizontalArranger.swift in Sources */ = {isa = PBXBuildFile; fileRef = B5F125211E5CC82400579D4B /* HorizontalArranger.swift */; };
		B5F125261E5CC82400579D4B /* SizeObject.swift in Sources */ = {isa = PBXBuildFile; fileRef = B5F125221E5CC82400579D4B /* SizeObject.swift */; };
		B5F125271E5CC82400579D4B /* VerticalArranger.swift in Sources */ = {isa = PBXBuildFile; fileRef = B5F125231E5CC82400579D4B /* VerticalArranger.swift */; };
		B5F125281E5CC82400579D4B /* ViewArranger.swift in Sources */ = {isa = PBXBuildFile; fileRef = B5F125241E5CC82400579D4B /* ViewArranger.swift */; };
		B5FA39EE1E5DF1BE001B4760 /* UITableView+RxRealm.swift in Sources */ = {isa = PBXBuildFile; fileRef = B5FA39ED1E5DF1BE001B4760 /* UITableView+RxRealm.swift */; };
		E5E44A20BE4620E661879F5D /* Pods_OffradioUITests.framework in Frameworks */ = {isa = PBXBuildFile; fileRef = 0D1B71279240BE79BF219B25 /* Pods_OffradioUITests.framework */; };
/* End PBXBuildFile section */

/* Begin PBXContainerItemProxy section */
		B54BC8BA1E36A9DC0043F248 /* PBXContainerItemProxy */ = {
			isa = PBXContainerItemProxy;
			containerPortal = B54BC89B1E36A9DB0043F248 /* Project object */;
			proxyType = 1;
			remoteGlobalIDString = B54BC8A21E36A9DB0043F248;
			remoteInfo = Offradio;
		};
		B54BC8C51E36A9DC0043F248 /* PBXContainerItemProxy */ = {
			isa = PBXContainerItemProxy;
			containerPortal = B54BC89B1E36A9DB0043F248 /* Project object */;
			proxyType = 1;
			remoteGlobalIDString = B54BC8A21E36A9DB0043F248;
			remoteInfo = Offradio;
		};
/* End PBXContainerItemProxy section */

/* Begin PBXFileReference section */
		05C5D6DC0F4FDA8BBB1DAB1F /* Pods-OffradioUITests.release.xcconfig */ = {isa = PBXFileReference; includeInIndex = 1; lastKnownFileType = text.xcconfig; name = "Pods-OffradioUITests.release.xcconfig"; path = "Pods/Target Support Files/Pods-OffradioUITests/Pods-OffradioUITests.release.xcconfig"; sourceTree = "<group>"; };
		0D1B71279240BE79BF219B25 /* Pods_OffradioUITests.framework */ = {isa = PBXFileReference; explicitFileType = wrapper.framework; includeInIndex = 0; path = Pods_OffradioUITests.framework; sourceTree = BUILT_PRODUCTS_DIR; };
		23E26FC1A6E4FE410F671920 /* Pods-OffradioUITests.debug.xcconfig */ = {isa = PBXFileReference; includeInIndex = 1; lastKnownFileType = text.xcconfig; name = "Pods-OffradioUITests.debug.xcconfig"; path = "Pods/Target Support Files/Pods-OffradioUITests/Pods-OffradioUITests.debug.xcconfig"; sourceTree = "<group>"; };
		6232C0D2873BE6069CA161F0 /* Pods-OffradioTests.debug.xcconfig */ = {isa = PBXFileReference; includeInIndex = 1; lastKnownFileType = text.xcconfig; name = "Pods-OffradioTests.debug.xcconfig"; path = "Pods/Target Support Files/Pods-OffradioTests/Pods-OffradioTests.debug.xcconfig"; sourceTree = "<group>"; };
		819B564ECCD7BD5F563B5D8C /* Pods-Offradio.release.xcconfig */ = {isa = PBXFileReference; includeInIndex = 1; lastKnownFileType = text.xcconfig; name = "Pods-Offradio.release.xcconfig"; path = "Pods/Target Support Files/Pods-Offradio/Pods-Offradio.release.xcconfig"; sourceTree = "<group>"; };
		95070E035A81D40C76C891ED /* Pods_OffradioTests.framework */ = {isa = PBXFileReference; explicitFileType = wrapper.framework; includeInIndex = 0; path = Pods_OffradioTests.framework; sourceTree = BUILT_PRODUCTS_DIR; };
		B503954A1E4BA33200D9A71B /* APIRequest.swift */ = {isa = PBXFileReference; fileEncoding = 4; lastKnownFileType = sourcecode.swift; path = APIRequest.swift; sourceTree = "<group>"; };
		B503954D1E4BA33200D9A71B /* RequestParameters.swift */ = {isa = PBXFileReference; fileEncoding = 4; lastKnownFileType = sourcecode.swift; path = RequestParameters.swift; sourceTree = "<group>"; };
		B503954F1E4BA33200D9A71B /* APIResponse.swift */ = {isa = PBXFileReference; fileEncoding = 4; lastKnownFileType = sourcecode.swift; path = APIResponse.swift; sourceTree = "<group>"; };
		B50395511E4BA33200D9A71B /* APIService.swift */ = {isa = PBXFileReference; fileEncoding = 4; lastKnownFileType = sourcecode.swift; path = APIService.swift; sourceTree = "<group>"; };
		B50395691E4BCA0100D9A71B /* APIURL.swift */ = {isa = PBXFileReference; fileEncoding = 4; lastKnownFileType = sourcecode.swift; path = APIURL.swift; sourceTree = "<group>"; };
		B503956B1E4BCA0100D9A71B /* NowPlayingService.swift */ = {isa = PBXFileReference; fileEncoding = 4; lastKnownFileType = sourcecode.swift; path = NowPlayingService.swift; sourceTree = "<group>"; };
		B503956C1E4BCA0100D9A71B /* PlaylistService.swift */ = {isa = PBXFileReference; fileEncoding = 4; lastKnownFileType = sourcecode.swift; path = PlaylistService.swift; sourceTree = "<group>"; };
		B503956D1E4BCA0100D9A71B /* ScheduleService.swift */ = {isa = PBXFileReference; fileEncoding = 4; lastKnownFileType = sourcecode.swift; path = ScheduleService.swift; sourceTree = "<group>"; };
		B50395731E4BCA3C00D9A71B /* Reusable.swift */ = {isa = PBXFileReference; fileEncoding = 4; lastKnownFileType = sourcecode.swift; path = Reusable.swift; sourceTree = "<group>"; };
		B50395751E4BCAE800D9A71B /* UITableViewExtensions.swift */ = {isa = PBXFileReference; fileEncoding = 4; lastKnownFileType = sourcecode.swift; path = UITableViewExtensions.swift; sourceTree = "<group>"; };
		B50395791E4BEB5E00D9A71B /* Configurable.swift */ = {isa = PBXFileReference; fileEncoding = 4; lastKnownFileType = sourcecode.swift; path = Configurable.swift; sourceTree = "<group>"; };
		B507C0A01E54CE3000792414 /* PlaylistCellViewModel.swift */ = {isa = PBXFileReference; fileEncoding = 4; lastKnownFileType = sourcecode.swift; path = PlaylistCellViewModel.swift; sourceTree = "<group>"; };
		B507C0A31E550AD900792414 /* PlaylistFavouritesLayer.swift */ = {isa = PBXFileReference; fileEncoding = 4; lastKnownFileType = sourcecode.swift; path = PlaylistFavouritesLayer.swift; sourceTree = "<group>"; };
		B507C0A51E56869800792414 /* DataLayer.swift */ = {isa = PBXFileReference; fileEncoding = 4; lastKnownFileType = sourcecode.swift; path = DataLayer.swift; sourceTree = "<group>"; };
		B51BE4DE1E3ABF79005775F4 /* BufferView.h */ = {isa = PBXFileReference; fileEncoding = 4; lastKnownFileType = sourcecode.c.h; path = BufferView.h; sourceTree = "<group>"; };
		B51BE4DF1E3ABF79005775F4 /* libRadioKit.a */ = {isa = PBXFileReference; lastKnownFileType = archive.ar; path = libRadioKit.a; sourceTree = "<group>"; };
		B51BE4E01E3ABF79005775F4 /* RadioKit.h */ = {isa = PBXFileReference; fileEncoding = 4; lastKnownFileType = sourcecode.c.h; path = RadioKit.h; sourceTree = "<group>"; };
		B51BE4E11E3ABF79005775F4 /* reachability.h */ = {isa = PBXFileReference; fileEncoding = 4; lastKnownFileType = sourcecode.c.h; path = reachability.h; sourceTree = "<group>"; };
		B51BE4E31E3ABFC5005775F4 /* Offradio-Bridging-Header.h */ = {isa = PBXFileReference; fileEncoding = 4; lastKnownFileType = sourcecode.c.h; path = "Offradio-Bridging-Header.h"; sourceTree = "<group>"; };
		B51E3FB51E4B9B76009F4C37 /* NowPlaying.swift */ = {isa = PBXFileReference; fileEncoding = 4; lastKnownFileType = sourcecode.swift; path = NowPlaying.swift; sourceTree = "<group>"; };
		B51E3FB71E4B9C06009F4C37 /* Playlist.swift */ = {isa = PBXFileReference; fileEncoding = 4; lastKnownFileType = sourcecode.swift; path = Playlist.swift; sourceTree = "<group>"; };
		B51E3FB91E4B9E50009F4C37 /* Schedule.swift */ = {isa = PBXFileReference; fileEncoding = 4; lastKnownFileType = sourcecode.swift; path = Schedule.swift; sourceTree = "<group>"; };
		B51E3FBB1E4B9F49009F4C37 /* Producer.swift */ = {isa = PBXFileReference; fileEncoding = 4; lastKnownFileType = sourcecode.swift; path = Producer.swift; sourceTree = "<group>"; };
		B524E5FC1E672622003A75EE /* ProducersService.swift */ = {isa = PBXFileReference; fileEncoding = 4; lastKnownFileType = sourcecode.swift; path = ProducersService.swift; sourceTree = "<group>"; };
		B52A6C211E36B3BE005893D2 /* LeagueGothic-Italic.otf */ = {isa = PBXFileReference; lastKnownFileType = file; path = "LeagueGothic-Italic.otf"; sourceTree = "<group>"; };
		B52A6C221E36B3BE005893D2 /* LetterGothicStd-Bold.otf */ = {isa = PBXFileReference; lastKnownFileType = file; path = "LetterGothicStd-Bold.otf"; sourceTree = "<group>"; };
		B52A6C381E36BAC2005893D2 /* ASyncMethods.swift */ = {isa = PBXFileReference; fileEncoding = 4; lastKnownFileType = sourcecode.swift; path = ASyncMethods.swift; sourceTree = "<group>"; };
		B52A6C391E36BAC2005893D2 /* Constants.swift */ = {isa = PBXFileReference; fileEncoding = 4; lastKnownFileType = sourcecode.swift; name = Constants.swift; path = ../Utilities/Constants.swift; sourceTree = "<group>"; };
		B52A6C3C1E36BAC2005893D2 /* Log.swift */ = {isa = PBXFileReference; fileEncoding = 4; lastKnownFileType = sourcecode.swift; path = Log.swift; sourceTree = "<group>"; };
		B52A6C441E36BCBB005893D2 /* DateFormat.swift */ = {isa = PBXFileReference; fileEncoding = 4; lastKnownFileType = sourcecode.swift; path = DateFormat.swift; sourceTree = "<group>"; };
		B53942881E4A8E0E00AF5BE5 /* Assets.xcassets */ = {isa = PBXFileReference; lastKnownFileType = folder.assetcatalog; path = Assets.xcassets; sourceTree = "<group>"; };
		B539428C1E4A8E2C00AF5BE5 /* ToggleBase.h */ = {isa = PBXFileReference; fileEncoding = 4; lastKnownFileType = sourcecode.c.h; path = ToggleBase.h; sourceTree = "<group>"; };
		B539428D1E4A8E2C00AF5BE5 /* ToggleBase.m */ = {isa = PBXFileReference; fileEncoding = 4; lastKnownFileType = sourcecode.c.objc; path = ToggleBase.m; sourceTree = "<group>"; };
		B539428E1E4A8E2C00AF5BE5 /* ToggleButton.h */ = {isa = PBXFileReference; fileEncoding = 4; lastKnownFileType = sourcecode.c.h; path = ToggleButton.h; sourceTree = "<group>"; };
		B539428F1E4A8E2C00AF5BE5 /* ToggleButton.m */ = {isa = PBXFileReference; fileEncoding = 4; lastKnownFileType = sourcecode.c.objc; path = ToggleButton.m; sourceTree = "<group>"; };
		B53942901E4A8E2C00AF5BE5 /* ToggleView.h */ = {isa = PBXFileReference; fileEncoding = 4; lastKnownFileType = sourcecode.c.h; path = ToggleView.h; sourceTree = "<group>"; };
		B53942911E4A8E2C00AF5BE5 /* ToggleView.m */ = {isa = PBXFileReference; fileEncoding = 4; lastKnownFileType = sourcecode.c.objc; path = ToggleView.m; sourceTree = "<group>"; };
		B53942931E4A8E2C00AF5BE5 /* left_button_off@2x.png */ = {isa = PBXFileReference; lastKnownFileType = image.png; path = "left_button_off@2x.png"; sourceTree = "<group>"; };
		B53942941E4A8E2C00AF5BE5 /* left_button_off@3x.png */ = {isa = PBXFileReference; lastKnownFileType = image.png; path = "left_button_off@3x.png"; sourceTree = "<group>"; };
		B53942951E4A8E2C00AF5BE5 /* left_button_on@2x.png */ = {isa = PBXFileReference; lastKnownFileType = image.png; path = "left_button_on@2x.png"; sourceTree = "<group>"; };
		B53942961E4A8E2C00AF5BE5 /* left_button_on@3x.png */ = {isa = PBXFileReference; lastKnownFileType = image.png; path = "left_button_on@3x.png"; sourceTree = "<group>"; };
		B53942971E4A8E2C00AF5BE5 /* right_button_off@2x.png */ = {isa = PBXFileReference; lastKnownFileType = image.png; path = "right_button_off@2x.png"; sourceTree = "<group>"; };
		B53942981E4A8E2C00AF5BE5 /* right_button_off@3x.png */ = {isa = PBXFileReference; lastKnownFileType = image.png; path = "right_button_off@3x.png"; sourceTree = "<group>"; };
		B53942991E4A8E2C00AF5BE5 /* right_button_on@2x.png */ = {isa = PBXFileReference; lastKnownFileType = image.png; path = "right_button_on@2x.png"; sourceTree = "<group>"; };
		B539429A1E4A8E2C00AF5BE5 /* right_button_on@3x.png */ = {isa = PBXFileReference; lastKnownFileType = image.png; path = "right_button_on@3x.png"; sourceTree = "<group>"; };
		B539429B1E4A8E2C00AF5BE5 /* toggle_base.png */ = {isa = PBXFileReference; lastKnownFileType = image.png; path = toggle_base.png; sourceTree = "<group>"; };
		B539429C1E4A8E2C00AF5BE5 /* toggle_base@2x.png */ = {isa = PBXFileReference; lastKnownFileType = image.png; path = "toggle_base@2x.png"; sourceTree = "<group>"; };
		B539429D1E4A8E2C00AF5BE5 /* toggle_base@3x.png */ = {isa = PBXFileReference; lastKnownFileType = image.png; path = "toggle_base@3x.png"; sourceTree = "<group>"; };
		B539429E1E4A8E2C00AF5BE5 /* toggle_base_l@2x.png */ = {isa = PBXFileReference; lastKnownFileType = image.png; path = "toggle_base_l@2x.png"; sourceTree = "<group>"; };
		B539429F1E4A8E2C00AF5BE5 /* toggle_base_l@3x.png */ = {isa = PBXFileReference; lastKnownFileType = image.png; path = "toggle_base_l@3x.png"; sourceTree = "<group>"; };
		B53942A01E4A8E2C00AF5BE5 /* toggle_base_r@2x.png */ = {isa = PBXFileReference; lastKnownFileType = image.png; path = "toggle_base_r@2x.png"; sourceTree = "<group>"; };
		B53942A11E4A8E2C00AF5BE5 /* toggle_base_r@3x.png */ = {isa = PBXFileReference; lastKnownFileType = image.png; path = "toggle_base_r@3x.png"; sourceTree = "<group>"; };
		B53942A21E4A8E2C00AF5BE5 /* toggle_button.png */ = {isa = PBXFileReference; lastKnownFileType = image.png; path = toggle_button.png; sourceTree = "<group>"; };
		B53942A31E4A8E2C00AF5BE5 /* toggle_button@2x.png */ = {isa = PBXFileReference; lastKnownFileType = image.png; path = "toggle_button@2x.png"; sourceTree = "<group>"; };
		B53942A41E4A8E2C00AF5BE5 /* toggle_button@3x.png */ = {isa = PBXFileReference; lastKnownFileType = image.png; path = "toggle_button@3x.png"; sourceTree = "<group>"; };
		B53942A51E4A8E2C00AF5BE5 /* toggle_button_l@2x.png */ = {isa = PBXFileReference; lastKnownFileType = image.png; path = "toggle_button_l@2x.png"; sourceTree = "<group>"; };
		B53942A61E4A8E2C00AF5BE5 /* toggle_button_l@3x.png */ = {isa = PBXFileReference; lastKnownFileType = image.png; path = "toggle_button_l@3x.png"; sourceTree = "<group>"; };
		B53942A71E4A8E2C00AF5BE5 /* toggle_button_r@2x.png */ = {isa = PBXFileReference; lastKnownFileType = image.png; path = "toggle_button_r@2x.png"; sourceTree = "<group>"; };
		B53942A81E4A8E2C00AF5BE5 /* toggle_button_r@3x.png */ = {isa = PBXFileReference; lastKnownFileType = image.png; path = "toggle_button_r@3x.png"; sourceTree = "<group>"; };
		B53942C21E4A990200AF5BE5 /* left_button_off@2x~ipad.png */ = {isa = PBXFileReference; lastKnownFileType = image.png; path = "left_button_off@2x~ipad.png"; sourceTree = "<group>"; };
		B53942C31E4A990200AF5BE5 /* left_button_on@2x~ipad.png */ = {isa = PBXFileReference; lastKnownFileType = image.png; path = "left_button_on@2x~ipad.png"; sourceTree = "<group>"; };
		B53942C41E4A990200AF5BE5 /* right_button_off@2x~ipad.png */ = {isa = PBXFileReference; lastKnownFileType = image.png; path = "right_button_off@2x~ipad.png"; sourceTree = "<group>"; };
		B53942C51E4A990200AF5BE5 /* right_button_on@2x~ipad.png */ = {isa = PBXFileReference; lastKnownFileType = image.png; path = "right_button_on@2x~ipad.png"; sourceTree = "<group>"; };
		B53942C61E4A990200AF5BE5 /* toggle_base_l@2x~ipad.png */ = {isa = PBXFileReference; lastKnownFileType = image.png; path = "toggle_base_l@2x~ipad.png"; sourceTree = "<group>"; };
		B53942C71E4A990200AF5BE5 /* toggle_base_r@2x~ipad.png */ = {isa = PBXFileReference; lastKnownFileType = image.png; path = "toggle_base_r@2x~ipad.png"; sourceTree = "<group>"; };
		B53942C81E4A990200AF5BE5 /* toggle_base@2x~ipad.png */ = {isa = PBXFileReference; lastKnownFileType = image.png; path = "toggle_base@2x~ipad.png"; sourceTree = "<group>"; };
		B53942C91E4A990200AF5BE5 /* toggle_button_l@2x~ipad.png */ = {isa = PBXFileReference; lastKnownFileType = image.png; path = "toggle_button_l@2x~ipad.png"; sourceTree = "<group>"; };
		B53942CA1E4A990200AF5BE5 /* toggle_button_r@2x~ipad.png */ = {isa = PBXFileReference; lastKnownFileType = image.png; path = "toggle_button_r@2x~ipad.png"; sourceTree = "<group>"; };
		B53942CB1E4A990200AF5BE5 /* toggle_button@2x~ipad.png */ = {isa = PBXFileReference; lastKnownFileType = image.png; path = "toggle_button@2x~ipad.png"; sourceTree = "<group>"; };
		B53942D61E4A99B800AF5BE5 /* RadioViewModel.swift */ = {isa = PBXFileReference; fileEncoding = 4; lastKnownFileType = sourcecode.swift; path = RadioViewModel.swift; sourceTree = "<group>"; };
		B54BC8A31E36A9DC0043F248 /* Offradio.app */ = {isa = PBXFileReference; explicitFileType = wrapper.application; includeInIndex = 0; path = Offradio.app; sourceTree = BUILT_PRODUCTS_DIR; };
		B54BC8A61E36A9DC0043F248 /* AppDelegate.swift */ = {isa = PBXFileReference; lastKnownFileType = sourcecode.swift; path = AppDelegate.swift; sourceTree = "<group>"; };
		B54BC8B41E36A9DC0043F248 /* Info.plist */ = {isa = PBXFileReference; lastKnownFileType = text.plist.xml; path = Info.plist; sourceTree = "<group>"; };
		B54BC8B91E36A9DC0043F248 /* OffradioTests.xctest */ = {isa = PBXFileReference; explicitFileType = wrapper.cfbundle; includeInIndex = 0; path = OffradioTests.xctest; sourceTree = BUILT_PRODUCTS_DIR; };
		B54BC8BF1E36A9DC0043F248 /* Info.plist */ = {isa = PBXFileReference; lastKnownFileType = text.plist.xml; path = Info.plist; sourceTree = "<group>"; };
		B54BC8C41E36A9DC0043F248 /* OffradioUITests.xctest */ = {isa = PBXFileReference; explicitFileType = wrapper.cfbundle; includeInIndex = 0; path = OffradioUITests.xctest; sourceTree = BUILT_PRODUCTS_DIR; };
		B54BC8C81E36A9DC0043F248 /* OffradioUITests.swift */ = {isa = PBXFileReference; lastKnownFileType = sourcecode.swift; path = OffradioUITests.swift; sourceTree = "<group>"; };
		B54BC8CA1E36A9DC0043F248 /* Info.plist */ = {isa = PBXFileReference; lastKnownFileType = text.plist.xml; path = Info.plist; sourceTree = "<group>"; };
		B54DC4CA1E5C9EA600FA376D /* UIViewExtensions.swift */ = {isa = PBXFileReference; fileEncoding = 4; lastKnownFileType = sourcecode.swift; path = UIViewExtensions.swift; sourceTree = "<group>"; };
		B54DC4CD1E5CA39400FA376D /* FavouritesViewController.swift */ = {isa = PBXFileReference; fileEncoding = 4; lastKnownFileType = sourcecode.swift; path = FavouritesViewController.swift; sourceTree = "<group>"; };
		B54DC4CF1E5CA3A600FA376D /* FavouritesViewModel.swift */ = {isa = PBXFileReference; fileEncoding = 4; lastKnownFileType = sourcecode.swift; path = FavouritesViewModel.swift; sourceTree = "<group>"; };
		B54E08771E4D10C400B54FB3 /* ProducerBioViewController.swift */ = {isa = PBXFileReference; fileEncoding = 4; lastKnownFileType = sourcecode.swift; path = ProducerBioViewController.swift; sourceTree = "<group>"; };
		B54E08791E4D10C400B54FB3 /* ScheduleTableViewCell.swift */ = {isa = PBXFileReference; fileEncoding = 4; lastKnownFileType = sourcecode.swift; path = ScheduleTableViewCell.swift; sourceTree = "<group>"; };
		B54E087B1E4D10C400B54FB3 /* ScheduleDelegate.swift */ = {isa = PBXFileReference; fileEncoding = 4; lastKnownFileType = sourcecode.swift; path = ScheduleDelegate.swift; sourceTree = "<group>"; };
		B54E087C1E4D10C400B54FB3 /* ScheduleViewModel.swift */ = {isa = PBXFileReference; fileEncoding = 4; lastKnownFileType = sourcecode.swift; path = ScheduleViewModel.swift; sourceTree = "<group>"; };
		B54E087D1E4D10C400B54FB3 /* ScheduleViewController.swift */ = {isa = PBXFileReference; fileEncoding = 4; lastKnownFileType = sourcecode.swift; path = ScheduleViewController.swift; sourceTree = "<group>"; };
		B54E08831E4D242A00B54FB3 /* NSMutableAttributedStringExtensions.swift */ = {isa = PBXFileReference; fileEncoding = 4; lastKnownFileType = sourcecode.swift; path = NSMutableAttributedStringExtensions.swift; sourceTree = "<group>"; };
		B54E08851E4D554E00B54FB3 /* DateExtensions.swift */ = {isa = PBXFileReference; fileEncoding = 4; lastKnownFileType = sourcecode.swift; path = DateExtensions.swift; sourceTree = "<group>"; };
		B54E08891E4E2FB200B54FB3 /* ContactTableViewCell.swift */ = {isa = PBXFileReference; fileEncoding = 4; lastKnownFileType = sourcecode.swift; path = ContactTableViewCell.swift; sourceTree = "<group>"; };
		B54E088C1E4E306500B54FB3 /* ContactViewModel.swift */ = {isa = PBXFileReference; fileEncoding = 4; lastKnownFileType = sourcecode.swift; path = ContactViewModel.swift; sourceTree = "<group>"; };
		B54E088E1E4E307700B54FB3 /* ContactModels.swift */ = {isa = PBXFileReference; fileEncoding = 4; lastKnownFileType = sourcecode.swift; path = ContactModels.swift; sourceTree = "<group>"; };
		B54E08901E4E3ED800B54FB3 /* UIApplicationExtensions.swift */ = {isa = PBXFileReference; fileEncoding = 4; lastKnownFileType = sourcecode.swift; path = UIApplicationExtensions.swift; sourceTree = "<group>"; };
		B5656F101E64814C00E5DB0E /* MockAPIService.swift */ = {isa = PBXFileReference; fileEncoding = 4; lastKnownFileType = sourcecode.swift; path = MockAPIService.swift; sourceTree = "<group>"; };
		B5656F121E64814C00E5DB0E /* DummyModel.json */ = {isa = PBXFileReference; fileEncoding = 4; lastKnownFileType = text.json; path = DummyModel.json; sourceTree = "<group>"; };
		B5656F131E64814C00E5DB0E /* DummyPersons.json */ = {isa = PBXFileReference; fileEncoding = 4; lastKnownFileType = text.json; path = DummyPersons.json; sourceTree = "<group>"; };
		B5656F141E64814C00E5DB0E /* mock-person.json */ = {isa = PBXFileReference; fileEncoding = 4; lastKnownFileType = text.json; path = "mock-person.json"; sourceTree = "<group>"; };
		B5656F191E64857D00E5DB0E /* Offradio.swift */ = {isa = PBXFileReference; fileEncoding = 4; lastKnownFileType = sourcecode.swift; path = Offradio.swift; sourceTree = "<group>"; };
		B5656F1B1E6485C100E5DB0E /* OffradioMetadata.swift */ = {isa = PBXFileReference; fileEncoding = 4; lastKnownFileType = sourcecode.swift; path = OffradioMetadata.swift; sourceTree = "<group>"; };
		B5656F231E64D8F600E5DB0E /* OffradioCommandCenter.swift */ = {isa = PBXFileReference; fileEncoding = 4; lastKnownFileType = sourcecode.swift; path = OffradioCommandCenter.swift; sourceTree = "<group>"; };
		B5656F271E64FCAF00E5DB0E /* OffradioNowPlayingInfoCenter.swift */ = {isa = PBXFileReference; fileEncoding = 4; lastKnownFileType = sourcecode.swift; path = OffradioNowPlayingInfoCenter.swift; sourceTree = "<group>"; };
		B5656F2F1E65025B00E5DB0E /* LastFMApiService.swift */ = {isa = PBXFileReference; fileEncoding = 4; lastKnownFileType = sourcecode.swift; path = LastFMApiService.swift; sourceTree = "<group>"; };
		B5656F311E65DC9A00E5DB0E /* SDWebImageManager+Rx.swift */ = {isa = PBXFileReference; fileEncoding = 4; lastKnownFileType = sourcecode.swift; path = "SDWebImageManager+Rx.swift"; sourceTree = "<group>"; };
		B569603C1E4908D0003BFBC6 /* RadioViewController.swift */ = {isa = PBXFileReference; fileEncoding = 4; lastKnownFileType = sourcecode.swift; path = RadioViewController.swift; sourceTree = "<group>"; };
		B569603E1E490907003BFBC6 /* Theme.swift */ = {isa = PBXFileReference; fileEncoding = 4; lastKnownFileType = sourcecode.swift; path = Theme.swift; sourceTree = "<group>"; };
		B56960411E490957003BFBC6 /* Radio.swift */ = {isa = PBXFileReference; fileEncoding = 4; lastKnownFileType = sourcecode.swift; path = Radio.swift; sourceTree = "<group>"; };
		B56960431E4909D0003BFBC6 /* MobileCoreServices.framework */ = {isa = PBXFileReference; lastKnownFileType = wrapper.framework; name = MobileCoreServices.framework; path = System/Library/Frameworks/MobileCoreServices.framework; sourceTree = SDKROOT; };
		B56960451E4909E0003BFBC6 /* MediaPlayer.framework */ = {isa = PBXFileReference; lastKnownFileType = wrapper.framework; name = MediaPlayer.framework; path = System/Library/Frameworks/MediaPlayer.framework; sourceTree = SDKROOT; };
		B569604B1E491A15003BFBC6 /* UIViewControllerExtensions.swift */ = {isa = PBXFileReference; fileEncoding = 4; lastKnownFileType = sourcecode.swift; path = UIViewControllerExtensions.swift; sourceTree = "<group>"; };
		B56960501E492A35003BFBC6 /* MainTabBarViewController.swift */ = {isa = PBXFileReference; fileEncoding = 4; lastKnownFileType = sourcecode.swift; path = MainTabBarViewController.swift; sourceTree = "<group>"; };
		B56960511E492A35003BFBC6 /* OffradioContentViewController.swift */ = {isa = PBXFileReference; fileEncoding = 4; lastKnownFileType = sourcecode.swift; path = OffradioContentViewController.swift; sourceTree = "<group>"; };
		B56960581E492AA1003BFBC6 /* ContactViewController.swift */ = {isa = PBXFileReference; fileEncoding = 4; lastKnownFileType = sourcecode.swift; path = ContactViewController.swift; sourceTree = "<group>"; };
		B56960671E495891003BFBC6 /* RadioViewController.storyboard */ = {isa = PBXFileReference; fileEncoding = 4; lastKnownFileType = file.storyboard; path = RadioViewController.storyboard; sourceTree = "<group>"; };
		B58649F31E61BC2F00501AF7 /* APIRequestTests.swift */ = {isa = PBXFileReference; fileEncoding = 4; lastKnownFileType = sourcecode.swift; path = APIRequestTests.swift; sourceTree = "<group>"; };
		B58649F51E61BC8600501AF7 /* APIResponseTests.swift */ = {isa = PBXFileReference; fileEncoding = 4; lastKnownFileType = sourcecode.swift; path = APIResponseTests.swift; sourceTree = "<group>"; };
		B58649F81E61BF3B00501AF7 /* DummyModel.swift */ = {isa = PBXFileReference; fileEncoding = 4; lastKnownFileType = sourcecode.swift; path = DummyModel.swift; sourceTree = "<group>"; };
		B58649FA1E61BF7C00501AF7 /* DummyAPIResponse.swift */ = {isa = PBXFileReference; fileEncoding = 4; lastKnownFileType = sourcecode.swift; path = DummyAPIResponse.swift; sourceTree = "<group>"; };
		B58649FC1E61C4A800501AF7 /* ModelResult.swift */ = {isa = PBXFileReference; fileEncoding = 4; lastKnownFileType = sourcecode.swift; path = ModelResult.swift; sourceTree = "<group>"; };
		B58649FE1E61C53400501AF7 /* APIServiceTests.swift */ = {isa = PBXFileReference; fileEncoding = 4; lastKnownFileType = sourcecode.swift; path = APIServiceTests.swift; sourceTree = "<group>"; };
		B5955D7D1E5F6C34002C1405 /* PlayerCircleContainerView.swift */ = {isa = PBXFileReference; fileEncoding = 4; lastKnownFileType = sourcecode.swift; path = PlayerCircleContainerView.swift; sourceTree = "<group>"; };
		B5955D7F1E5F6C51002C1405 /* NowPlayingButton.swift */ = {isa = PBXFileReference; fileEncoding = 4; lastKnownFileType = sourcecode.swift; path = NowPlayingButton.swift; sourceTree = "<group>"; };
		B5A4EB9C1E36C1E800A1E8B1 /* UIColorExtensions.swift */ = {isa = PBXFileReference; fileEncoding = 4; lastKnownFileType = sourcecode.swift; path = UIColorExtensions.swift; sourceTree = "<group>"; };
		B5A4EB9D1E36C1E800A1E8B1 /* UIFontAppSpecific.swift */ = {isa = PBXFileReference; fileEncoding = 4; lastKnownFileType = sourcecode.swift; path = UIFontAppSpecific.swift; sourceTree = "<group>"; };
		B5BA38341E4F65D900DB49C9 /* PlaylistViewController.swift */ = {isa = PBXFileReference; fileEncoding = 4; lastKnownFileType = sourcecode.swift; path = PlaylistViewController.swift; sourceTree = "<group>"; };
		B5BA383B1E4F67CB00DB49C9 /* PlaylistTableViewCell.swift */ = {isa = PBXFileReference; fileEncoding = 4; lastKnownFileType = sourcecode.swift; path = PlaylistTableViewCell.swift; sourceTree = "<group>"; };
		B5BA383D1E4F67CB00DB49C9 /* PlaylistViewModel.swift */ = {isa = PBXFileReference; fileEncoding = 4; lastKnownFileType = sourcecode.swift; path = PlaylistViewModel.swift; sourceTree = "<group>"; };
		B5BA38401E4F702200DB49C9 /* UIScrollView+Rx.swift */ = {isa = PBXFileReference; fileEncoding = 4; lastKnownFileType = sourcecode.swift; path = "UIScrollView+Rx.swift"; sourceTree = "<group>"; };
		B5BA38421E4FA50100DB49C9 /* StringExtensions.swift */ = {isa = PBXFileReference; fileEncoding = 4; lastKnownFileType = sourcecode.swift; path = StringExtensions.swift; sourceTree = "<group>"; };
		B5BB248E1E4B6B9B006FC751 /* AnimationsFactory.swift */ = {isa = PBXFileReference; fileEncoding = 4; lastKnownFileType = sourcecode.swift; path = AnimationsFactory.swift; sourceTree = "<group>"; };
		B5BB24901E4B82F6006FC751 /* Offradio.entitlements */ = {isa = PBXFileReference; lastKnownFileType = text.plist.entitlements; path = Offradio.entitlements; sourceTree = "<group>"; };
		B5D923751E65E45E0013A3F4 /* CurrentTrack.swift */ = {isa = PBXFileReference; fileEncoding = 4; lastKnownFileType = sourcecode.swift; path = CurrentTrack.swift; sourceTree = "<group>"; };
		B5D923771E65E4800013A3F4 /* Show.swift */ = {isa = PBXFileReference; fileEncoding = 4; lastKnownFileType = sourcecode.swift; path = Show.swift; sourceTree = "<group>"; };
		B5D923791E6700310013A3F4 /* RealmMigrationLayer.swift */ = {isa = PBXFileReference; fileEncoding = 4; lastKnownFileType = sourcecode.swift; path = RealmMigrationLayer.swift; sourceTree = "<group>"; };
		B5F125211E5CC82400579D4B /* HorizontalArranger.swift */ = {isa = PBXFileReference; fileEncoding = 4; lastKnownFileType = sourcecode.swift; path = HorizontalArranger.swift; sourceTree = "<group>"; };
		B5F125221E5CC82400579D4B /* SizeObject.swift */ = {isa = PBXFileReference; fileEncoding = 4; lastKnownFileType = sourcecode.swift; path = SizeObject.swift; sourceTree = "<group>"; };
		B5F125231E5CC82400579D4B /* VerticalArranger.swift */ = {isa = PBXFileReference; fileEncoding = 4; lastKnownFileType = sourcecode.swift; path = VerticalArranger.swift; sourceTree = "<group>"; };
		B5F125241E5CC82400579D4B /* ViewArranger.swift */ = {isa = PBXFileReference; fileEncoding = 4; lastKnownFileType = sourcecode.swift; path = ViewArranger.swift; sourceTree = "<group>"; };
		B5FA39ED1E5DF1BE001B4760 /* UITableView+RxRealm.swift */ = {isa = PBXFileReference; fileEncoding = 4; lastKnownFileType = sourcecode.swift; path = "UITableView+RxRealm.swift"; sourceTree = "<group>"; };
		BE917143B9710DC35FB26051 /* Pods-Offradio.debug.xcconfig */ = {isa = PBXFileReference; includeInIndex = 1; lastKnownFileType = text.xcconfig; name = "Pods-Offradio.debug.xcconfig"; path = "Pods/Target Support Files/Pods-Offradio/Pods-Offradio.debug.xcconfig"; sourceTree = "<group>"; };
		F3307E9F50442DCB082FC1A7 /* Pods-OffradioTests.release.xcconfig */ = {isa = PBXFileReference; includeInIndex = 1; lastKnownFileType = text.xcconfig; name = "Pods-OffradioTests.release.xcconfig"; path = "Pods/Target Support Files/Pods-OffradioTests/Pods-OffradioTests.release.xcconfig"; sourceTree = "<group>"; };
		F57F6E387D03608F5F3F87B0 /* Pods_Offradio.framework */ = {isa = PBXFileReference; explicitFileType = wrapper.framework; includeInIndex = 0; path = Pods_Offradio.framework; sourceTree = BUILT_PRODUCTS_DIR; };
/* End PBXFileReference section */

/* Begin PBXFrameworksBuildPhase section */
		B54BC8A01E36A9DB0043F248 /* Frameworks */ = {
			isa = PBXFrameworksBuildPhase;
			buildActionMask = 2147483647;
			files = (
				B56960461E4909E0003BFBC6 /* MediaPlayer.framework in Frameworks */,
				B56960441E4909D0003BFBC6 /* MobileCoreServices.framework in Frameworks */,
				B51BE4E21E3ABF79005775F4 /* libRadioKit.a in Frameworks */,
				8BD23FE4A6183C713D75E9AF /* Pods_Offradio.framework in Frameworks */,
			);
			runOnlyForDeploymentPostprocessing = 0;
		};
		B54BC8B61E36A9DC0043F248 /* Frameworks */ = {
			isa = PBXFrameworksBuildPhase;
			buildActionMask = 2147483647;
			files = (
				2FC85D66549865E3B59F0384 /* Pods_OffradioTests.framework in Frameworks */,
			);
			runOnlyForDeploymentPostprocessing = 0;
		};
		B54BC8C11E36A9DC0043F248 /* Frameworks */ = {
			isa = PBXFrameworksBuildPhase;
			buildActionMask = 2147483647;
			files = (
				E5E44A20BE4620E661879F5D /* Pods_OffradioUITests.framework in Frameworks */,
			);
			runOnlyForDeploymentPostprocessing = 0;
		};
/* End PBXFrameworksBuildPhase section */

/* Begin PBXGroup section */
		35C7325E9D0BD0544DE9EE3B /* Pods */ = {
			isa = PBXGroup;
			children = (
				BE917143B9710DC35FB26051 /* Pods-Offradio.debug.xcconfig */,
				819B564ECCD7BD5F563B5D8C /* Pods-Offradio.release.xcconfig */,
				6232C0D2873BE6069CA161F0 /* Pods-OffradioTests.debug.xcconfig */,
				F3307E9F50442DCB082FC1A7 /* Pods-OffradioTests.release.xcconfig */,
				23E26FC1A6E4FE410F671920 /* Pods-OffradioUITests.debug.xcconfig */,
				05C5D6DC0F4FDA8BBB1DAB1F /* Pods-OffradioUITests.release.xcconfig */,
			);
			name = Pods;
			sourceTree = "<group>";
		};
		7270B8A41F99A77388A95EEF /* Frameworks */ = {
			isa = PBXGroup;
			children = (
				B56960451E4909E0003BFBC6 /* MediaPlayer.framework */,
				B56960431E4909D0003BFBC6 /* MobileCoreServices.framework */,
				F57F6E387D03608F5F3F87B0 /* Pods_Offradio.framework */,
				95070E035A81D40C76C891ED /* Pods_OffradioTests.framework */,
				0D1B71279240BE79BF219B25 /* Pods_OffradioUITests.framework */,
			);
			name = Frameworks;
			sourceTree = "<group>";
		};
		B50395491E4BA33200D9A71B /* Request */ = {
			isa = PBXGroup;
			children = (
				B503954A1E4BA33200D9A71B /* APIRequest.swift */,
				B503954D1E4BA33200D9A71B /* RequestParameters.swift */,
			);
			path = Request;
			sourceTree = "<group>";
		};
		B503954E1E4BA33200D9A71B /* Response */ = {
			isa = PBXGroup;
			children = (
				B503954F1E4BA33200D9A71B /* APIResponse.swift */,
			);
			path = Response;
			sourceTree = "<group>";
		};
		B50395501E4BA33200D9A71B /* Service */ = {
			isa = PBXGroup;
			children = (
				B50395511E4BA33200D9A71B /* APIService.swift */,
				B58649FC1E61C4A800501AF7 /* ModelResult.swift */,
			);
			path = Service;
			sourceTree = "<group>";
		};
		B50395581E4BA4E800D9A71B /* Offradio API */ = {
			isa = PBXGroup;
			children = (
				B50395681E4BCA0100D9A71B /* Core */,
				B503956A1E4BCA0100D9A71B /* Services */,
			);
			path = "Offradio API";
			sourceTree = "<group>";
		};
		B50395681E4BCA0100D9A71B /* Core */ = {
			isa = PBXGroup;
			children = (
				B50395691E4BCA0100D9A71B /* APIURL.swift */,
			);
			path = Core;
			sourceTree = "<group>";
		};
		B503956A1E4BCA0100D9A71B /* Services */ = {
			isa = PBXGroup;
			children = (
				B503956B1E4BCA0100D9A71B /* NowPlayingService.swift */,
				B503956C1E4BCA0100D9A71B /* PlaylistService.swift */,
				B503956D1E4BCA0100D9A71B /* ScheduleService.swift */,
				B524E5FC1E672622003A75EE /* ProducersService.swift */,
			);
			path = Services;
			sourceTree = "<group>";
		};
		B50395721E4BCA3000D9A71B /* Protocols */ = {
			isa = PBXGroup;
			children = (
				B50395731E4BCA3C00D9A71B /* Reusable.swift */,
				B50395791E4BEB5E00D9A71B /* Configurable.swift */,
			);
			path = Protocols;
			sourceTree = "<group>";
		};
		B507C0A21E55061800792414 /* Realm */ = {
			isa = PBXGroup;
			children = (
				B507C0A51E56869800792414 /* DataLayer.swift */,
				B507C0A31E550AD900792414 /* PlaylistFavouritesLayer.swift */,
				B5D923791E6700310013A3F4 /* RealmMigrationLayer.swift */,
			);
			path = Realm;
			sourceTree = "<group>";
		};
		B51BE4DC1E3ABF79005775F4 /* Vendor */ = {
			isa = PBXGroup;
			children = (
				B539428A1E4A8E2C00AF5BE5 /* ToggleView */,
				B51BE4DD1E3ABF79005775F4 /* RadioKitLib */,
			);
			path = Vendor;
			sourceTree = "<group>";
		};
		B51BE4DD1E3ABF79005775F4 /* RadioKitLib */ = {
			isa = PBXGroup;
			children = (
				B51BE4DE1E3ABF79005775F4 /* BufferView.h */,
				B51BE4DF1E3ABF79005775F4 /* libRadioKit.a */,
				B51BE4E01E3ABF79005775F4 /* RadioKit.h */,
				B51BE4E11E3ABF79005775F4 /* reachability.h */,
			);
			path = RadioKitLib;
			sourceTree = "<group>";
		};
		B52A6C1F1E36B3BE005893D2 /* Resources */ = {
			isa = PBXGroup;
			children = (
				B52A6C201E36B3BE005893D2 /* Fonts */,
			);
			path = Resources;
			sourceTree = "<group>";
		};
		B52A6C201E36B3BE005893D2 /* Fonts */ = {
			isa = PBXGroup;
			children = (
				B52A6C211E36B3BE005893D2 /* LeagueGothic-Italic.otf */,
				B52A6C221E36B3BE005893D2 /* LetterGothicStd-Bold.otf */,
			);
			path = Fonts;
			sourceTree = "<group>";
		};
		B52A6C251E36B3C6005893D2 /* Theme */ = {
			isa = PBXGroup;
			children = (
				B569603E1E490907003BFBC6 /* Theme.swift */,
			);
			path = Theme;
			sourceTree = "<group>";
		};
		B52A6C261E36B3CE005893D2 /* Core */ = {
			isa = PBXGroup;
			children = (
				B52A6C271E36B3DB005893D2 /* API */,
				B52A6C391E36BAC2005893D2 /* Constants.swift */,
				B5656F2C1E6501B200E5DB0E /* LastFM API */,
				B52A6C2C1E36B9BB005893D2 /* Models */,
				B50395581E4BA4E800D9A71B /* Offradio API */,
				B50395721E4BCA3000D9A71B /* Protocols */,
				B507C0A21E55061800792414 /* Realm */,
			);
			path = Core;
			sourceTree = "<group>";
		};
		B52A6C271E36B3DB005893D2 /* API */ = {
			isa = PBXGroup;
			children = (
				B50395491E4BA33200D9A71B /* Request */,
				B503954E1E4BA33200D9A71B /* Response */,
				B50395501E4BA33200D9A71B /* Service */,
			);
			path = API;
			sourceTree = "<group>";
		};
		B52A6C2A1E36B8F3005893D2 /* View Controllers */ = {
			isa = PBXGroup;
			children = (
				B54DC4CC1E5CA35200FA376D /* Favourites View Controller */,
				B5BA38331E4F609A00DB49C9 /* Playlist View Controller */,
				B569604F1E492A35003BFBC6 /* Content View Controller */,
				B569604D1E492A1A003BFBC6 /* Contact View Controller */,
				B56960391E4908B8003BFBC6 /* Radio View Controller */,
				B569604E1E492A1A003BFBC6 /* Schedule View Controller */,
			);
			path = "View Controllers";
			sourceTree = "<group>";
		};
		B52A6C2B1E36B996005893D2 /* Extensions */ = {
			isa = PBXGroup;
			children = (
				B54E08851E4D554E00B54FB3 /* DateExtensions.swift */,
				B54E08831E4D242A00B54FB3 /* NSMutableAttributedStringExtensions.swift */,
				B5A4EB9C1E36C1E800A1E8B1 /* UIColorExtensions.swift */,
				B5A4EB9D1E36C1E800A1E8B1 /* UIFontAppSpecific.swift */,
				B569604B1E491A15003BFBC6 /* UIViewControllerExtensions.swift */,
				B50395751E4BCAE800D9A71B /* UITableViewExtensions.swift */,
				B5FA39ED1E5DF1BE001B4760 /* UITableView+RxRealm.swift */,
				B54E08901E4E3ED800B54FB3 /* UIApplicationExtensions.swift */,
				B5BA38401E4F702200DB49C9 /* UIScrollView+Rx.swift */,
				B5BA38421E4FA50100DB49C9 /* StringExtensions.swift */,
				B54DC4CA1E5C9EA600FA376D /* UIViewExtensions.swift */,
				B5656F311E65DC9A00E5DB0E /* SDWebImageManager+Rx.swift */,
			);
			path = Extensions;
			sourceTree = "<group>";
		};
		B52A6C2C1E36B9BB005893D2 /* Models */ = {
			isa = PBXGroup;
			children = (
				B5D923751E65E45E0013A3F4 /* CurrentTrack.swift */,
				B51E3FB51E4B9B76009F4C37 /* NowPlaying.swift */,
				B51E3FB71E4B9C06009F4C37 /* Playlist.swift */,
				B51E3FBB1E4B9F49009F4C37 /* Producer.swift */,
				B51E3FB91E4B9E50009F4C37 /* Schedule.swift */,
				B5D923771E65E4800013A3F4 /* Show.swift */,
			);
			path = Models;
			sourceTree = "<group>";
		};
		B52A6C371E36BAC2005893D2 /* Utilities */ = {
			isa = PBXGroup;
			children = (
				B5F125201E5CC82400579D4B /* ViewArranger */,
				B52A6C381E36BAC2005893D2 /* ASyncMethods.swift */,
				B52A6C3C1E36BAC2005893D2 /* Log.swift */,
				B52A6C441E36BCBB005893D2 /* DateFormat.swift */,
			);
			path = Utilities;
			sourceTree = "<group>";
		};
		B539428A1E4A8E2C00AF5BE5 /* ToggleView */ = {
			isa = PBXGroup;
			children = (
				B539428B1E4A8E2C00AF5BE5 /* Classes */,
				B53942921E4A8E2C00AF5BE5 /* Resources */,
			);
			path = ToggleView;
			sourceTree = "<group>";
		};
		B539428B1E4A8E2C00AF5BE5 /* Classes */ = {
			isa = PBXGroup;
			children = (
				B539428C1E4A8E2C00AF5BE5 /* ToggleBase.h */,
				B539428D1E4A8E2C00AF5BE5 /* ToggleBase.m */,
				B539428E1E4A8E2C00AF5BE5 /* ToggleButton.h */,
				B539428F1E4A8E2C00AF5BE5 /* ToggleButton.m */,
				B53942901E4A8E2C00AF5BE5 /* ToggleView.h */,
				B53942911E4A8E2C00AF5BE5 /* ToggleView.m */,
			);
			path = Classes;
			sourceTree = "<group>";
		};
		B53942921E4A8E2C00AF5BE5 /* Resources */ = {
			isa = PBXGroup;
			children = (
				B53942C21E4A990200AF5BE5 /* left_button_off@2x~ipad.png */,
				B53942C31E4A990200AF5BE5 /* left_button_on@2x~ipad.png */,
				B53942C41E4A990200AF5BE5 /* right_button_off@2x~ipad.png */,
				B53942C51E4A990200AF5BE5 /* right_button_on@2x~ipad.png */,
				B53942C61E4A990200AF5BE5 /* toggle_base_l@2x~ipad.png */,
				B53942C71E4A990200AF5BE5 /* toggle_base_r@2x~ipad.png */,
				B53942C81E4A990200AF5BE5 /* toggle_base@2x~ipad.png */,
				B53942C91E4A990200AF5BE5 /* toggle_button_l@2x~ipad.png */,
				B53942CA1E4A990200AF5BE5 /* toggle_button_r@2x~ipad.png */,
				B53942CB1E4A990200AF5BE5 /* toggle_button@2x~ipad.png */,
				B53942931E4A8E2C00AF5BE5 /* left_button_off@2x.png */,
				B53942941E4A8E2C00AF5BE5 /* left_button_off@3x.png */,
				B53942951E4A8E2C00AF5BE5 /* left_button_on@2x.png */,
				B53942961E4A8E2C00AF5BE5 /* left_button_on@3x.png */,
				B53942971E4A8E2C00AF5BE5 /* right_button_off@2x.png */,
				B53942981E4A8E2C00AF5BE5 /* right_button_off@3x.png */,
				B53942991E4A8E2C00AF5BE5 /* right_button_on@2x.png */,
				B539429A1E4A8E2C00AF5BE5 /* right_button_on@3x.png */,
				B539429B1E4A8E2C00AF5BE5 /* toggle_base.png */,
				B539429C1E4A8E2C00AF5BE5 /* toggle_base@2x.png */,
				B539429D1E4A8E2C00AF5BE5 /* toggle_base@3x.png */,
				B539429E1E4A8E2C00AF5BE5 /* toggle_base_l@2x.png */,
				B539429F1E4A8E2C00AF5BE5 /* toggle_base_l@3x.png */,
				B53942A01E4A8E2C00AF5BE5 /* toggle_base_r@2x.png */,
				B53942A11E4A8E2C00AF5BE5 /* toggle_base_r@3x.png */,
				B53942A21E4A8E2C00AF5BE5 /* toggle_button.png */,
				B53942A31E4A8E2C00AF5BE5 /* toggle_button@2x.png */,
				B53942A41E4A8E2C00AF5BE5 /* toggle_button@3x.png */,
				B53942A51E4A8E2C00AF5BE5 /* toggle_button_l@2x.png */,
				B53942A61E4A8E2C00AF5BE5 /* toggle_button_l@3x.png */,
				B53942A71E4A8E2C00AF5BE5 /* toggle_button_r@2x.png */,
				B53942A81E4A8E2C00AF5BE5 /* toggle_button_r@3x.png */,
			);
			path = Resources;
			sourceTree = "<group>";
		};
		B54BC89A1E36A9DB0043F248 = {
			isa = PBXGroup;
			children = (
				B54BC8A51E36A9DC0043F248 /* Offradio */,
				B54BC8BC1E36A9DC0043F248 /* OffradioTests */,
				B54BC8C71E36A9DC0043F248 /* OffradioUITests */,
				B54BC8A41E36A9DC0043F248 /* Products */,
				35C7325E9D0BD0544DE9EE3B /* Pods */,
				7270B8A41F99A77388A95EEF /* Frameworks */,
			);
			sourceTree = "<group>";
		};
		B54BC8A41E36A9DC0043F248 /* Products */ = {
			isa = PBXGroup;
			children = (
				B54BC8A31E36A9DC0043F248 /* Offradio.app */,
				B54BC8B91E36A9DC0043F248 /* OffradioTests.xctest */,
				B54BC8C41E36A9DC0043F248 /* OffradioUITests.xctest */,
			);
			name = Products;
			sourceTree = "<group>";
		};
		B54BC8A51E36A9DC0043F248 /* Offradio */ = {
			isa = PBXGroup;
			children = (
				B5BB24901E4B82F6006FC751 /* Offradio.entitlements */,
				B53942881E4A8E0E00AF5BE5 /* Assets.xcassets */,
				B54BC8A61E36A9DC0043F248 /* AppDelegate.swift */,
				B5BB248D1E4B6B8A006FC751 /* Animations */,
				B56960401E490943003BFBC6 /* Radio */,
				B52A6C261E36B3CE005893D2 /* Core */,
				B52A6C2B1E36B996005893D2 /* Extensions */,
				B52A6C251E36B3C6005893D2 /* Theme */,
				B52A6C2A1E36B8F3005893D2 /* View Controllers */,
				B52A6C371E36BAC2005893D2 /* Utilities */,
				B52A6C1F1E36B3BE005893D2 /* Resources */,
				B51BE4E31E3ABFC5005775F4 /* Offradio-Bridging-Header.h */,
				B51BE4DC1E3ABF79005775F4 /* Vendor */,
				B54BC8B41E36A9DC0043F248 /* Info.plist */,
			);
			path = Offradio;
			sourceTree = "<group>";
		};
		B54BC8BC1E36A9DC0043F248 /* OffradioTests */ = {
			isa = PBXGroup;
			children = (
				B58649F21E61BC2F00501AF7 /* API Core Tests */,
				B54BC8BF1E36A9DC0043F248 /* Info.plist */,
			);
			path = OffradioTests;
			sourceTree = "<group>";
		};
		B54BC8C71E36A9DC0043F248 /* OffradioUITests */ = {
			isa = PBXGroup;
			children = (
				B54BC8C81E36A9DC0043F248 /* OffradioUITests.swift */,
				B54BC8CA1E36A9DC0043F248 /* Info.plist */,
			);
			path = OffradioUITests;
			sourceTree = "<group>";
		};
		B54DC4CC1E5CA35200FA376D /* Favourites View Controller */ = {
			isa = PBXGroup;
			children = (
				B54DC4CD1E5CA39400FA376D /* FavouritesViewController.swift */,
				B54DC4CF1E5CA3A600FA376D /* FavouritesViewModel.swift */,
			);
			path = "Favourites View Controller";
			sourceTree = "<group>";
		};
		B54E08761E4D10C400B54FB3 /* Producer Bio */ = {
			isa = PBXGroup;
			children = (
				B54E08771E4D10C400B54FB3 /* ProducerBioViewController.swift */,
			);
			path = "Producer Bio";
			sourceTree = "<group>";
		};
		B54E08781E4D10C400B54FB3 /* Schedule Cells */ = {
			isa = PBXGroup;
			children = (
				B54E08791E4D10C400B54FB3 /* ScheduleTableViewCell.swift */,
			);
			path = "Schedule Cells";
			sourceTree = "<group>";
		};
		B54E087A1E4D10C400B54FB3 /* Schedule View Model */ = {
			isa = PBXGroup;
			children = (
				B54E087B1E4D10C400B54FB3 /* ScheduleDelegate.swift */,
				B54E087C1E4D10C400B54FB3 /* ScheduleViewModel.swift */,
			);
			path = "Schedule View Model";
			sourceTree = "<group>";
		};
		B54E088B1E4E306500B54FB3 /* View Model */ = {
			isa = PBXGroup;
			children = (
				B54E088C1E4E306500B54FB3 /* ContactViewModel.swift */,
				B54E088E1E4E307700B54FB3 /* ContactModels.swift */,
			);
			path = "View Model";
			sourceTree = "<group>";
		};
		B5656F0F1E64814C00E5DB0E /* Mocks */ = {
			isa = PBXGroup;
			children = (
				B5656F101E64814C00E5DB0E /* MockAPIService.swift */,
			);
			path = Mocks;
			sourceTree = "<group>";
		};
		B5656F111E64814C00E5DB0E /* Resources */ = {
			isa = PBXGroup;
			children = (
				B5656F121E64814C00E5DB0E /* DummyModel.json */,
				B5656F131E64814C00E5DB0E /* DummyPersons.json */,
				B5656F141E64814C00E5DB0E /* mock-person.json */,
			);
			path = Resources;
			sourceTree = "<group>";
		};
		B5656F2C1E6501B200E5DB0E /* LastFM API */ = {
			isa = PBXGroup;
			children = (
				B5656F2F1E65025B00E5DB0E /* LastFMApiService.swift */,
			);
			path = "LastFM API";
			sourceTree = "<group>";
		};
		B56960391E4908B8003BFBC6 /* Radio View Controller */ = {
			isa = PBXGroup;
			children = (
				B5955D7C1E5F6C34002C1405 /* Views */,
				B56960671E495891003BFBC6 /* RadioViewController.storyboard */,
				B569603C1E4908D0003BFBC6 /* RadioViewController.swift */,
				B53942D61E4A99B800AF5BE5 /* RadioViewModel.swift */,
			);
			path = "Radio View Controller";
			sourceTree = "<group>";
		};
		B56960401E490943003BFBC6 /* Radio */ = {
			isa = PBXGroup;
			children = (
				B56960411E490957003BFBC6 /* Radio.swift */,
				B5656F191E64857D00E5DB0E /* Offradio.swift */,
				B5656F1B1E6485C100E5DB0E /* OffradioMetadata.swift */,
				B5656F231E64D8F600E5DB0E /* OffradioCommandCenter.swift */,
				B5656F271E64FCAF00E5DB0E /* OffradioNowPlayingInfoCenter.swift */,
			);
			path = Radio;
			sourceTree = "<group>";
		};
		B569604D1E492A1A003BFBC6 /* Contact View Controller */ = {
			isa = PBXGroup;
			children = (
				B54E088B1E4E306500B54FB3 /* View Model */,
				B56960581E492AA1003BFBC6 /* ContactViewController.swift */,
				B54E08891E4E2FB200B54FB3 /* ContactTableViewCell.swift */,
			);
			path = "Contact View Controller";
			sourceTree = "<group>";
		};
		B569604E1E492A1A003BFBC6 /* Schedule View Controller */ = {
			isa = PBXGroup;
			children = (
				B54E08761E4D10C400B54FB3 /* Producer Bio */,
				B54E08781E4D10C400B54FB3 /* Schedule Cells */,
				B54E087A1E4D10C400B54FB3 /* Schedule View Model */,
				B54E087D1E4D10C400B54FB3 /* ScheduleViewController.swift */,
			);
			path = "Schedule View Controller";
			sourceTree = "<group>";
		};
		B569604F1E492A35003BFBC6 /* Content View Controller */ = {
			isa = PBXGroup;
			children = (
				B56960501E492A35003BFBC6 /* MainTabBarViewController.swift */,
				B56960511E492A35003BFBC6 /* OffradioContentViewController.swift */,
			);
			path = "Content View Controller";
			sourceTree = "<group>";
		};
		B58649F21E61BC2F00501AF7 /* API Core Tests */ = {
			isa = PBXGroup;
			children = (
				B5656F0F1E64814C00E5DB0E /* Mocks */,
				B5656F111E64814C00E5DB0E /* Resources */,
				B58649F71E61BF2500501AF7 /* APIResponse Helpers */,
				B58649F31E61BC2F00501AF7 /* APIRequestTests.swift */,
				B58649F51E61BC8600501AF7 /* APIResponseTests.swift */,
				B58649FE1E61C53400501AF7 /* APIServiceTests.swift */,
			);
			path = "API Core Tests";
			sourceTree = "<group>";
		};
		B58649F71E61BF2500501AF7 /* APIResponse Helpers */ = {
			isa = PBXGroup;
			children = (
				B58649F81E61BF3B00501AF7 /* DummyModel.swift */,
				B58649FA1E61BF7C00501AF7 /* DummyAPIResponse.swift */,
			);
			path = "APIResponse Helpers";
			sourceTree = "<group>";
		};
		B5955D7C1E5F6C34002C1405 /* Views */ = {
			isa = PBXGroup;
			children = (
				B5955D7D1E5F6C34002C1405 /* PlayerCircleContainerView.swift */,
				B5955D7F1E5F6C51002C1405 /* NowPlayingButton.swift */,
			);
			path = Views;
			sourceTree = "<group>";
		};
		B5BA38331E4F609A00DB49C9 /* Playlist View Controller */ = {
			isa = PBXGroup;
			children = (
				B5BA383A1E4F67CB00DB49C9 /* Playlist Cells */,
				B5BA383C1E4F67CB00DB49C9 /* Playlist View Model */,
				B5BA38341E4F65D900DB49C9 /* PlaylistViewController.swift */,
			);
			path = "Playlist View Controller";
			sourceTree = "<group>";
		};
		B5BA383A1E4F67CB00DB49C9 /* Playlist Cells */ = {
			isa = PBXGroup;
			children = (
				B5BA383B1E4F67CB00DB49C9 /* PlaylistTableViewCell.swift */,
				B507C0A01E54CE3000792414 /* PlaylistCellViewModel.swift */,
			);
			path = "Playlist Cells";
			sourceTree = "<group>";
		};
		B5BA383C1E4F67CB00DB49C9 /* Playlist View Model */ = {
			isa = PBXGroup;
			children = (
				B5BA383D1E4F67CB00DB49C9 /* PlaylistViewModel.swift */,
			);
			path = "Playlist View Model";
			sourceTree = "<group>";
		};
		B5BB248D1E4B6B8A006FC751 /* Animations */ = {
			isa = PBXGroup;
			children = (
				B5BB248E1E4B6B9B006FC751 /* AnimationsFactory.swift */,
			);
			path = Animations;
			sourceTree = "<group>";
		};
		B5F125201E5CC82400579D4B /* ViewArranger */ = {
			isa = PBXGroup;
			children = (
				B5F125211E5CC82400579D4B /* HorizontalArranger.swift */,
				B5F125221E5CC82400579D4B /* SizeObject.swift */,
				B5F125231E5CC82400579D4B /* VerticalArranger.swift */,
				B5F125241E5CC82400579D4B /* ViewArranger.swift */,
			);
			path = ViewArranger;
			sourceTree = "<group>";
		};
/* End PBXGroup section */

/* Begin PBXNativeTarget section */
		B54BC8A21E36A9DB0043F248 /* Offradio */ = {
			isa = PBXNativeTarget;
			buildConfigurationList = B54BC8CD1E36A9DC0043F248 /* Build configuration list for PBXNativeTarget "Offradio" */;
			buildPhases = (
				0923F246011818820D9E7391 /* [CP] Check Pods Manifest.lock */,
				B54BC89F1E36A9DB0043F248 /* Sources */,
				B54BC8A01E36A9DB0043F248 /* Frameworks */,
				B54BC8A11E36A9DB0043F248 /* Resources */,
				D07345AF44A5FDFE72120D15 /* [CP] Embed Pods Frameworks */,
				001F021AD1209C7AD0B62390 /* [CP] Copy Pods Resources */,
				B52A6C1E1E36B242005893D2 /* Fabric */,
			);
			buildRules = (
			);
			dependencies = (
			);
			name = Offradio;
			productName = Offradio;
			productReference = B54BC8A31E36A9DC0043F248 /* Offradio.app */;
			productType = "com.apple.product-type.application";
		};
		B54BC8B81E36A9DC0043F248 /* OffradioTests */ = {
			isa = PBXNativeTarget;
			buildConfigurationList = B54BC8D01E36A9DC0043F248 /* Build configuration list for PBXNativeTarget "OffradioTests" */;
			buildPhases = (
				5C47F303EC25D9C9A864CC25 /* [CP] Check Pods Manifest.lock */,
				B54BC8B51E36A9DC0043F248 /* Sources */,
				B54BC8B61E36A9DC0043F248 /* Frameworks */,
				B54BC8B71E36A9DC0043F248 /* Resources */,
				C61E15331B32E3E40C22FCED /* [CP] Embed Pods Frameworks */,
				5094F9B947BC38FA2EC622F9 /* [CP] Copy Pods Resources */,
			);
			buildRules = (
			);
			dependencies = (
				B54BC8BB1E36A9DC0043F248 /* PBXTargetDependency */,
			);
			name = OffradioTests;
			productName = OffradioTests;
			productReference = B54BC8B91E36A9DC0043F248 /* OffradioTests.xctest */;
			productType = "com.apple.product-type.bundle.unit-test";
		};
		B54BC8C31E36A9DC0043F248 /* OffradioUITests */ = {
			isa = PBXNativeTarget;
			buildConfigurationList = B54BC8D31E36A9DC0043F248 /* Build configuration list for PBXNativeTarget "OffradioUITests" */;
			buildPhases = (
				67802758F0E08A4AEC03C5A1 /* [CP] Check Pods Manifest.lock */,
				B54BC8C01E36A9DC0043F248 /* Sources */,
				B54BC8C11E36A9DC0043F248 /* Frameworks */,
				B54BC8C21E36A9DC0043F248 /* Resources */,
				3AB8904C27EF3B5D589F5DD7 /* [CP] Embed Pods Frameworks */,
				FE5C08E6C9165E17FAEB8166 /* [CP] Copy Pods Resources */,
			);
			buildRules = (
			);
			dependencies = (
				B54BC8C61E36A9DC0043F248 /* PBXTargetDependency */,
			);
			name = OffradioUITests;
			productName = OffradioUITests;
			productReference = B54BC8C41E36A9DC0043F248 /* OffradioUITests.xctest */;
			productType = "com.apple.product-type.bundle.ui-testing";
		};
/* End PBXNativeTarget section */

/* Begin PBXProject section */
		B54BC89B1E36A9DB0043F248 /* Project object */ = {
			isa = PBXProject;
			attributes = {
				LastSwiftUpdateCheck = 0820;
				LastUpgradeCheck = 0820;
				ORGANIZATIONNAME = decimal;
				TargetAttributes = {
					B54BC8A21E36A9DB0043F248 = {
						CreatedOnToolsVersion = 8.2.1;
						DevelopmentTeam = 5Y92JCRVR7;
						ProvisioningStyle = Automatic;
						SystemCapabilities = {
							com.apple.BackgroundModes = {
								enabled = 1;
							};
							com.apple.Keychain = {
								enabled = 1;
							};
						};
					};
					B54BC8B81E36A9DC0043F248 = {
						CreatedOnToolsVersion = 8.2.1;
						DevelopmentTeam = 5Y92JCRVR7;
						ProvisioningStyle = Automatic;
						TestTargetID = B54BC8A21E36A9DB0043F248;
					};
					B54BC8C31E36A9DC0043F248 = {
						CreatedOnToolsVersion = 8.2.1;
						DevelopmentTeam = 5Y92JCRVR7;
						ProvisioningStyle = Automatic;
						TestTargetID = B54BC8A21E36A9DB0043F248;
					};
				};
			};
			buildConfigurationList = B54BC89E1E36A9DB0043F248 /* Build configuration list for PBXProject "Offradio" */;
			compatibilityVersion = "Xcode 8.0";
			developmentRegion = English;
			hasScannedForEncodings = 0;
			knownRegions = (
				en,
				Base,
			);
			mainGroup = B54BC89A1E36A9DB0043F248;
			productRefGroup = B54BC8A41E36A9DC0043F248 /* Products */;
			projectDirPath = "";
			projectRoot = "";
			targets = (
				B54BC8A21E36A9DB0043F248 /* Offradio */,
				B54BC8B81E36A9DC0043F248 /* OffradioTests */,
				B54BC8C31E36A9DC0043F248 /* OffradioUITests */,
			);
		};
/* End PBXProject section */

/* Begin PBXResourcesBuildPhase section */
		B54BC8A11E36A9DB0043F248 /* Resources */ = {
			isa = PBXResourcesBuildPhase;
			buildActionMask = 2147483647;
			files = (
				B53942D41E4A990200AF5BE5 /* toggle_button_r@2x~ipad.png in Resources */,
				B53942BD1E4A8E2C00AF5BE5 /* toggle_button@3x.png in Resources */,
				B53942B11E4A8E2C00AF5BE5 /* right_button_off@3x.png in Resources */,
				B53942AF1E4A8E2C00AF5BE5 /* left_button_on@3x.png in Resources */,
				B52A6C241E36B3BE005893D2 /* LetterGothicStd-Bold.otf in Resources */,
				B53942B61E4A8E2C00AF5BE5 /* toggle_base@3x.png in Resources */,
				B53942B81E4A8E2C00AF5BE5 /* toggle_base_l@3x.png in Resources */,
				B53942D01E4A990200AF5BE5 /* toggle_base_l@2x~ipad.png in Resources */,
				B53942D11E4A990200AF5BE5 /* toggle_base_r@2x~ipad.png in Resources */,
				B53942AE1E4A8E2C00AF5BE5 /* left_button_on@2x.png in Resources */,
				B53942CE1E4A990200AF5BE5 /* right_button_off@2x~ipad.png in Resources */,
				B56960681E495891003BFBC6 /* RadioViewController.storyboard in Resources */,
				B53942C01E4A8E2C00AF5BE5 /* toggle_button_r@2x.png in Resources */,
				B53942CF1E4A990200AF5BE5 /* right_button_on@2x~ipad.png in Resources */,
				B53942AD1E4A8E2C00AF5BE5 /* left_button_off@3x.png in Resources */,
				B53942B91E4A8E2C00AF5BE5 /* toggle_base_r@2x.png in Resources */,
				B53942D31E4A990200AF5BE5 /* toggle_button_l@2x~ipad.png in Resources */,
				B53942D21E4A990200AF5BE5 /* toggle_base@2x~ipad.png in Resources */,
				B53942CC1E4A990200AF5BE5 /* left_button_off@2x~ipad.png in Resources */,
				B53942C11E4A8E2C00AF5BE5 /* toggle_button_r@3x.png in Resources */,
				B53942AC1E4A8E2C00AF5BE5 /* left_button_off@2x.png in Resources */,
				B53942BA1E4A8E2C00AF5BE5 /* toggle_base_r@3x.png in Resources */,
				B53942B21E4A8E2C00AF5BE5 /* right_button_on@2x.png in Resources */,
				B53942B01E4A8E2C00AF5BE5 /* right_button_off@2x.png in Resources */,
				B52A6C231E36B3BE005893D2 /* LeagueGothic-Italic.otf in Resources */,
				B53942891E4A8E0E00AF5BE5 /* Assets.xcassets in Resources */,
				B53942BF1E4A8E2C00AF5BE5 /* toggle_button_l@3x.png in Resources */,
				B53942BB1E4A8E2C00AF5BE5 /* toggle_button.png in Resources */,
				B53942B41E4A8E2C00AF5BE5 /* toggle_base.png in Resources */,
				B53942D51E4A990200AF5BE5 /* toggle_button@2x~ipad.png in Resources */,
				B53942B31E4A8E2C00AF5BE5 /* right_button_on@3x.png in Resources */,
				B53942CD1E4A990200AF5BE5 /* left_button_on@2x~ipad.png in Resources */,
				B53942B71E4A8E2C00AF5BE5 /* toggle_base_l@2x.png in Resources */,
				B53942BE1E4A8E2C00AF5BE5 /* toggle_button_l@2x.png in Resources */,
				B53942BC1E4A8E2C00AF5BE5 /* toggle_button@2x.png in Resources */,
				B53942B51E4A8E2C00AF5BE5 /* toggle_base@2x.png in Resources */,
			);
			runOnlyForDeploymentPostprocessing = 0;
		};
		B54BC8B71E36A9DC0043F248 /* Resources */ = {
			isa = PBXResourcesBuildPhase;
			buildActionMask = 2147483647;
			files = (
				B5656F161E64814C00E5DB0E /* DummyModel.json in Resources */,
				B5656F171E64814C00E5DB0E /* DummyPersons.json in Resources */,
				B5656F181E64814C00E5DB0E /* mock-person.json in Resources */,
			);
			runOnlyForDeploymentPostprocessing = 0;
		};
		B54BC8C21E36A9DC0043F248 /* Resources */ = {
			isa = PBXResourcesBuildPhase;
			buildActionMask = 2147483647;
			files = (
			);
			runOnlyForDeploymentPostprocessing = 0;
		};
/* End PBXResourcesBuildPhase section */

/* Begin PBXShellScriptBuildPhase section */
		001F021AD1209C7AD0B62390 /* [CP] Copy Pods Resources */ = {
			isa = PBXShellScriptBuildPhase;
			buildActionMask = 2147483647;
			files = (
			);
			inputPaths = (
			);
			name = "[CP] Copy Pods Resources";
			outputPaths = (
			);
			runOnlyForDeploymentPostprocessing = 0;
			shellPath = /bin/sh;
			shellScript = "\"${SRCROOT}/Pods/Target Support Files/Pods-Offradio/Pods-Offradio-resources.sh\"\n";
			showEnvVarsInLog = 0;
		};
		0923F246011818820D9E7391 /* [CP] Check Pods Manifest.lock */ = {
			isa = PBXShellScriptBuildPhase;
			buildActionMask = 2147483647;
			files = (
			);
			inputPaths = (
			);
			name = "[CP] Check Pods Manifest.lock";
			outputPaths = (
			);
			runOnlyForDeploymentPostprocessing = 0;
			shellPath = /bin/sh;
			shellScript = "diff \"${PODS_ROOT}/../Podfile.lock\" \"${PODS_ROOT}/Manifest.lock\" > /dev/null\nif [ $? != 0 ] ; then\n    # print error to STDERR\n    echo \"error: The sandbox is not in sync with the Podfile.lock. Run 'pod install' or update your CocoaPods installation.\" >&2\n    exit 1\nfi\n";
			showEnvVarsInLog = 0;
		};
		3AB8904C27EF3B5D589F5DD7 /* [CP] Embed Pods Frameworks */ = {
			isa = PBXShellScriptBuildPhase;
			buildActionMask = 2147483647;
			files = (
			);
			inputPaths = (
			);
			name = "[CP] Embed Pods Frameworks";
			outputPaths = (
			);
			runOnlyForDeploymentPostprocessing = 0;
			shellPath = /bin/sh;
			shellScript = "\"${SRCROOT}/Pods/Target Support Files/Pods-OffradioUITests/Pods-OffradioUITests-frameworks.sh\"\n";
			showEnvVarsInLog = 0;
		};
		5094F9B947BC38FA2EC622F9 /* [CP] Copy Pods Resources */ = {
			isa = PBXShellScriptBuildPhase;
			buildActionMask = 2147483647;
			files = (
			);
			inputPaths = (
			);
			name = "[CP] Copy Pods Resources";
			outputPaths = (
			);
			runOnlyForDeploymentPostprocessing = 0;
			shellPath = /bin/sh;
			shellScript = "\"${SRCROOT}/Pods/Target Support Files/Pods-OffradioTests/Pods-OffradioTests-resources.sh\"\n";
			showEnvVarsInLog = 0;
		};
		5C47F303EC25D9C9A864CC25 /* [CP] Check Pods Manifest.lock */ = {
			isa = PBXShellScriptBuildPhase;
			buildActionMask = 2147483647;
			files = (
			);
			inputPaths = (
			);
			name = "[CP] Check Pods Manifest.lock";
			outputPaths = (
			);
			runOnlyForDeploymentPostprocessing = 0;
			shellPath = /bin/sh;
			shellScript = "diff \"${PODS_ROOT}/../Podfile.lock\" \"${PODS_ROOT}/Manifest.lock\" > /dev/null\nif [ $? != 0 ] ; then\n    # print error to STDERR\n    echo \"error: The sandbox is not in sync with the Podfile.lock. Run 'pod install' or update your CocoaPods installation.\" >&2\n    exit 1\nfi\n";
			showEnvVarsInLog = 0;
		};
		67802758F0E08A4AEC03C5A1 /* [CP] Check Pods Manifest.lock */ = {
			isa = PBXShellScriptBuildPhase;
			buildActionMask = 2147483647;
			files = (
			);
			inputPaths = (
			);
			name = "[CP] Check Pods Manifest.lock";
			outputPaths = (
			);
			runOnlyForDeploymentPostprocessing = 0;
			shellPath = /bin/sh;
			shellScript = "diff \"${PODS_ROOT}/../Podfile.lock\" \"${PODS_ROOT}/Manifest.lock\" > /dev/null\nif [ $? != 0 ] ; then\n    # print error to STDERR\n    echo \"error: The sandbox is not in sync with the Podfile.lock. Run 'pod install' or update your CocoaPods installation.\" >&2\n    exit 1\nfi\n";
			showEnvVarsInLog = 0;
		};
		B52A6C1E1E36B242005893D2 /* Fabric */ = {
			isa = PBXShellScriptBuildPhase;
			buildActionMask = 2147483647;
			files = (
			);
			inputPaths = (
			);
			name = Fabric;
			outputPaths = (
			);
			runOnlyForDeploymentPostprocessing = 0;
			shellPath = /bin/sh;
			shellScript = "\"${PODS_ROOT}/Fabric/run\" fe804b3ccea4e9e56a4730e91c304d42292404f9 420e31e0e1a80f4d057ce561b6a5177201e4289671991538ab3656afcdf3f4f7";
		};
		C61E15331B32E3E40C22FCED /* [CP] Embed Pods Frameworks */ = {
			isa = PBXShellScriptBuildPhase;
			buildActionMask = 2147483647;
			files = (
			);
			inputPaths = (
			);
			name = "[CP] Embed Pods Frameworks";
			outputPaths = (
			);
			runOnlyForDeploymentPostprocessing = 0;
			shellPath = /bin/sh;
			shellScript = "\"${SRCROOT}/Pods/Target Support Files/Pods-OffradioTests/Pods-OffradioTests-frameworks.sh\"\n";
			showEnvVarsInLog = 0;
		};
		D07345AF44A5FDFE72120D15 /* [CP] Embed Pods Frameworks */ = {
			isa = PBXShellScriptBuildPhase;
			buildActionMask = 2147483647;
			files = (
			);
			inputPaths = (
			);
			name = "[CP] Embed Pods Frameworks";
			outputPaths = (
			);
			runOnlyForDeploymentPostprocessing = 0;
			shellPath = /bin/sh;
			shellScript = "\"${SRCROOT}/Pods/Target Support Files/Pods-Offradio/Pods-Offradio-frameworks.sh\"\n";
			showEnvVarsInLog = 0;
		};
		FE5C08E6C9165E17FAEB8166 /* [CP] Copy Pods Resources */ = {
			isa = PBXShellScriptBuildPhase;
			buildActionMask = 2147483647;
			files = (
			);
			inputPaths = (
			);
			name = "[CP] Copy Pods Resources";
			outputPaths = (
			);
			runOnlyForDeploymentPostprocessing = 0;
			shellPath = /bin/sh;
			shellScript = "\"${SRCROOT}/Pods/Target Support Files/Pods-OffradioUITests/Pods-OffradioUITests-resources.sh\"\n";
			showEnvVarsInLog = 0;
		};
/* End PBXShellScriptBuildPhase section */

/* Begin PBXSourcesBuildPhase section */
		B54BC89F1E36A9DB0043F248 /* Sources */ = {
			isa = PBXSourcesBuildPhase;
			buildActionMask = 2147483647;
			files = (
				B54BC8A71E36A9DC0043F248 /* AppDelegate.swift in Sources */,
				B5656F301E65025B00E5DB0E /* LastFMApiService.swift in Sources */,
				B5F125261E5CC82400579D4B /* SizeObject.swift in Sources */,
				B5A4EB9E1E36C1E800A1E8B1 /* UIColorExtensions.swift in Sources */,
				B5BA383F1E4F67CB00DB49C9 /* PlaylistViewModel.swift in Sources */,
				B52A6C3E1E36BAC2005893D2 /* ASyncMethods.swift in Sources */,
				B5D923781E65E4800013A3F4 /* Show.swift in Sources */,
				B50395741E4BCA3C00D9A71B /* Reusable.swift in Sources */,
				B54E08861E4D554E00B54FB3 /* DateExtensions.swift in Sources */,
				B50395761E4BCAE800D9A71B /* UITableViewExtensions.swift in Sources */,
				B50395571E4BA33200D9A71B /* APIService.swift in Sources */,
				B524E5FD1E672622003A75EE /* ProducersService.swift in Sources */,
				B50395551E4BA33200D9A71B /* RequestParameters.swift in Sources */,
				B54DC4CB1E5C9EA600FA376D /* UIViewExtensions.swift in Sources */,
				B50395711E4BCA0100D9A71B /* ScheduleService.swift in Sources */,
				B52A6C451E36BCBB005893D2 /* DateFormat.swift in Sources */,
				B503956F1E4BCA0100D9A71B /* NowPlayingService.swift in Sources */,
				B56960531E492A35003BFBC6 /* OffradioContentViewController.swift in Sources */,
				B5656F241E64D8F600E5DB0E /* OffradioCommandCenter.swift in Sources */,
				B52A6C421E36BAC2005893D2 /* Log.swift in Sources */,
				B5D9237A1E6700310013A3F4 /* RealmMigrationLayer.swift in Sources */,
				B54DC4D01E5CA3A600FA376D /* FavouritesViewModel.swift in Sources */,
				B54E08811E4D10C400B54FB3 /* ScheduleViewModel.swift in Sources */,
				B569604C1E491A15003BFBC6 /* UIViewControllerExtensions.swift in Sources */,
				B5656F321E65DC9A00E5DB0E /* SDWebImageManager+Rx.swift in Sources */,
				B5BA38411E4F702200DB49C9 /* UIScrollView+Rx.swift in Sources */,
				B5BA38351E4F65D900DB49C9 /* PlaylistViewController.swift in Sources */,
				B54E087F1E4D10C400B54FB3 /* ScheduleTableViewCell.swift in Sources */,
				B56960421E490957003BFBC6 /* Radio.swift in Sources */,
				B53942D71E4A99B800AF5BE5 /* RadioViewModel.swift in Sources */,
				B51E3FB61E4B9B76009F4C37 /* NowPlaying.swift in Sources */,
				B5FA39EE1E5DF1BE001B4760 /* UITableView+RxRealm.swift in Sources */,
				B56960521E492A35003BFBC6 /* MainTabBarViewController.swift in Sources */,
				B569603D1E4908D0003BFBC6 /* RadioViewController.swift in Sources */,
				B58649FD1E61C4A800501AF7 /* ModelResult.swift in Sources */,
				B5955D7E1E5F6C34002C1405 /* PlayerCircleContainerView.swift in Sources */,
				B50395701E4BCA0100D9A71B /* PlaylistService.swift in Sources */,
				B54E08841E4D242A00B54FB3 /* NSMutableAttributedStringExtensions.swift in Sources */,
				B5BA383E1E4F67CB00DB49C9 /* PlaylistTableViewCell.swift in Sources */,
				B53942A91E4A8E2C00AF5BE5 /* ToggleBase.m in Sources */,
				B503957A1E4BEB5E00D9A71B /* Configurable.swift in Sources */,
				B569603F1E490907003BFBC6 /* Theme.swift in Sources */,
				B5656F1C1E6485C100E5DB0E /* OffradioMetadata.swift in Sources */,
				B5A4EB9F1E36C1E800A1E8B1 /* UIFontAppSpecific.swift in Sources */,
				B5656F1A1E64857D00E5DB0E /* Offradio.swift in Sources */,
				B5656F281E64FCAF00E5DB0E /* OffradioNowPlayingInfoCenter.swift in Sources */,
				B507C0A61E56869800792414 /* DataLayer.swift in Sources */,
				B54E088D1E4E306500B54FB3 /* ContactViewModel.swift in Sources */,
				B51E3FB81E4B9C06009F4C37 /* Playlist.swift in Sources */,
				B50395561E4BA33200D9A71B /* APIResponse.swift in Sources */,
				B54E087E1E4D10C400B54FB3 /* ProducerBioViewController.swift in Sources */,
				B54DC4CE1E5CA39400FA376D /* FavouritesViewController.swift in Sources */,
				B5F125281E5CC82400579D4B /* ViewArranger.swift in Sources */,
				B5BB248F1E4B6B9B006FC751 /* AnimationsFactory.swift in Sources */,
				B52A6C3F1E36BAC2005893D2 /* Constants.swift in Sources */,
				B507C0A41E550AD900792414 /* PlaylistFavouritesLayer.swift in Sources */,
				B54E08821E4D10C400B54FB3 /* ScheduleViewController.swift in Sources */,
				B5BA38431E4FA50100DB49C9 /* StringExtensions.swift in Sources */,
				B503956E1E4BCA0100D9A71B /* APIURL.swift in Sources */,
				B5F125251E5CC82400579D4B /* HorizontalArranger.swift in Sources */,
				B54E088A1E4E2FB200B54FB3 /* ContactTableViewCell.swift in Sources */,
				B54E08801E4D10C400B54FB3 /* ScheduleDelegate.swift in Sources */,
				B5955D801E5F6C51002C1405 /* NowPlayingButton.swift in Sources */,
				B50395521E4BA33200D9A71B /* APIRequest.swift in Sources */,
				B53942AB1E4A8E2C00AF5BE5 /* ToggleView.m in Sources */,
				B5D923761E65E45E0013A3F4 /* CurrentTrack.swift in Sources */,
				B5F125271E5CC82400579D4B /* VerticalArranger.swift in Sources */,
				B54E08911E4E3ED800B54FB3 /* UIApplicationExtensions.swift in Sources */,
				B56960591E492AA1003BFBC6 /* ContactViewController.swift in Sources */,
				B51E3FBC1E4B9F49009F4C37 /* Producer.swift in Sources */,
				B507C0A11E54CE3000792414 /* PlaylistCellViewModel.swift in Sources */,
				B51E3FBA1E4B9E50009F4C37 /* Schedule.swift in Sources */,
				B54E088F1E4E307700B54FB3 /* ContactModels.swift in Sources */,
				B53942AA1E4A8E2C00AF5BE5 /* ToggleButton.m in Sources */,
			);
			runOnlyForDeploymentPostprocessing = 0;
		};
		B54BC8B51E36A9DC0043F248 /* Sources */ = {
			isa = PBXSourcesBuildPhase;
			buildActionMask = 2147483647;
			files = (
				B5656F151E64814C00E5DB0E /* MockAPIService.swift in Sources */,
				B58649FF1E61C53400501AF7 /* APIServiceTests.swift in Sources */,
				B58649F91E61BF3B00501AF7 /* DummyModel.swift in Sources */,
				B58649F61E61BC8600501AF7 /* APIResponseTests.swift in Sources */,
				B58649F41E61BC2F00501AF7 /* APIRequestTests.swift in Sources */,
				B58649FB1E61BF7C00501AF7 /* DummyAPIResponse.swift in Sources */,
			);
			runOnlyForDeploymentPostprocessing = 0;
		};
		B54BC8C01E36A9DC0043F248 /* Sources */ = {
			isa = PBXSourcesBuildPhase;
			buildActionMask = 2147483647;
			files = (
				B54BC8C91E36A9DC0043F248 /* OffradioUITests.swift in Sources */,
			);
			runOnlyForDeploymentPostprocessing = 0;
		};
/* End PBXSourcesBuildPhase section */

/* Begin PBXTargetDependency section */
		B54BC8BB1E36A9DC0043F248 /* PBXTargetDependency */ = {
			isa = PBXTargetDependency;
			target = B54BC8A21E36A9DB0043F248 /* Offradio */;
			targetProxy = B54BC8BA1E36A9DC0043F248 /* PBXContainerItemProxy */;
		};
		B54BC8C61E36A9DC0043F248 /* PBXTargetDependency */ = {
			isa = PBXTargetDependency;
			target = B54BC8A21E36A9DB0043F248 /* Offradio */;
			targetProxy = B54BC8C51E36A9DC0043F248 /* PBXContainerItemProxy */;
		};
/* End PBXTargetDependency section */

/* Begin XCBuildConfiguration section */
		B54BC8CB1E36A9DC0043F248 /* Debug */ = {
			isa = XCBuildConfiguration;
			buildSettings = {
				ALWAYS_SEARCH_USER_PATHS = NO;
				CLANG_ANALYZER_NONNULL = YES;
				CLANG_CXX_LANGUAGE_STANDARD = "gnu++0x";
				CLANG_CXX_LIBRARY = "libc++";
				CLANG_ENABLE_MODULES = YES;
				CLANG_ENABLE_OBJC_ARC = YES;
				CLANG_WARN_BOOL_CONVERSION = YES;
				CLANG_WARN_CONSTANT_CONVERSION = YES;
				CLANG_WARN_DIRECT_OBJC_ISA_USAGE = YES_ERROR;
				CLANG_WARN_DOCUMENTATION_COMMENTS = YES;
				CLANG_WARN_EMPTY_BODY = YES;
				CLANG_WARN_ENUM_CONVERSION = YES;
				CLANG_WARN_INFINITE_RECURSION = YES;
				CLANG_WARN_INT_CONVERSION = YES;
				CLANG_WARN_OBJC_ROOT_CLASS = YES_ERROR;
				CLANG_WARN_SUSPICIOUS_MOVE = YES;
				CLANG_WARN_UNREACHABLE_CODE = YES;
				CLANG_WARN__DUPLICATE_METHOD_MATCH = YES;
				"CODE_SIGN_IDENTITY[sdk=iphoneos*]" = "iPhone Developer";
				COPY_PHASE_STRIP = NO;
				DEBUG_INFORMATION_FORMAT = dwarf;
				ENABLE_STRICT_OBJC_MSGSEND = YES;
				ENABLE_TESTABILITY = YES;
				GCC_C_LANGUAGE_STANDARD = gnu99;
				GCC_DYNAMIC_NO_PIC = NO;
				GCC_NO_COMMON_BLOCKS = YES;
				GCC_OPTIMIZATION_LEVEL = 0;
				GCC_PREPROCESSOR_DEFINITIONS = (
					"DEBUG=1",
					"$(inherited)",
				);
				GCC_WARN_64_TO_32_BIT_CONVERSION = YES;
				GCC_WARN_ABOUT_RETURN_TYPE = YES_ERROR;
				GCC_WARN_UNDECLARED_SELECTOR = YES;
				GCC_WARN_UNINITIALIZED_AUTOS = YES_AGGRESSIVE;
				GCC_WARN_UNUSED_FUNCTION = YES;
				GCC_WARN_UNUSED_VARIABLE = YES;
				IPHONEOS_DEPLOYMENT_TARGET = 10.2;
				MTL_ENABLE_DEBUG_INFO = YES;
				ONLY_ACTIVE_ARCH = YES;
				SDKROOT = iphoneos;
				SWIFT_ACTIVE_COMPILATION_CONDITIONS = DEBUG;
				SWIFT_OPTIMIZATION_LEVEL = "-Onone";
				TARGETED_DEVICE_FAMILY = "1,2";
			};
			name = Debug;
		};
		B54BC8CC1E36A9DC0043F248 /* Release */ = {
			isa = XCBuildConfiguration;
			buildSettings = {
				ALWAYS_SEARCH_USER_PATHS = NO;
				CLANG_ANALYZER_NONNULL = YES;
				CLANG_CXX_LANGUAGE_STANDARD = "gnu++0x";
				CLANG_CXX_LIBRARY = "libc++";
				CLANG_ENABLE_MODULES = YES;
				CLANG_ENABLE_OBJC_ARC = YES;
				CLANG_WARN_BOOL_CONVERSION = YES;
				CLANG_WARN_CONSTANT_CONVERSION = YES;
				CLANG_WARN_DIRECT_OBJC_ISA_USAGE = YES_ERROR;
				CLANG_WARN_DOCUMENTATION_COMMENTS = YES;
				CLANG_WARN_EMPTY_BODY = YES;
				CLANG_WARN_ENUM_CONVERSION = YES;
				CLANG_WARN_INFINITE_RECURSION = YES;
				CLANG_WARN_INT_CONVERSION = YES;
				CLANG_WARN_OBJC_ROOT_CLASS = YES_ERROR;
				CLANG_WARN_SUSPICIOUS_MOVE = YES;
				CLANG_WARN_UNREACHABLE_CODE = YES;
				CLANG_WARN__DUPLICATE_METHOD_MATCH = YES;
				"CODE_SIGN_IDENTITY[sdk=iphoneos*]" = "iPhone Developer";
				COPY_PHASE_STRIP = NO;
				DEBUG_INFORMATION_FORMAT = "dwarf-with-dsym";
				ENABLE_NS_ASSERTIONS = NO;
				ENABLE_STRICT_OBJC_MSGSEND = YES;
				GCC_C_LANGUAGE_STANDARD = gnu99;
				GCC_NO_COMMON_BLOCKS = YES;
				GCC_WARN_64_TO_32_BIT_CONVERSION = YES;
				GCC_WARN_ABOUT_RETURN_TYPE = YES_ERROR;
				GCC_WARN_UNDECLARED_SELECTOR = YES;
				GCC_WARN_UNINITIALIZED_AUTOS = YES_AGGRESSIVE;
				GCC_WARN_UNUSED_FUNCTION = YES;
				GCC_WARN_UNUSED_VARIABLE = YES;
				IPHONEOS_DEPLOYMENT_TARGET = 10.2;
				MTL_ENABLE_DEBUG_INFO = NO;
				SDKROOT = iphoneos;
				SWIFT_OPTIMIZATION_LEVEL = "-Owholemodule";
				TARGETED_DEVICE_FAMILY = "1,2";
				VALIDATE_PRODUCT = YES;
			};
			name = Release;
		};
		B54BC8CE1E36A9DC0043F248 /* Debug */ = {
			isa = XCBuildConfiguration;
			baseConfigurationReference = BE917143B9710DC35FB26051 /* Pods-Offradio.debug.xcconfig */;
			buildSettings = {
				ALWAYS_EMBED_SWIFT_STANDARD_LIBRARIES = YES;
				ASSETCATALOG_COMPILER_APPICON_NAME = AppIcon;
				ASSETCATALOG_COMPILER_LAUNCHIMAGE_NAME = LaunchImage;
				CODE_SIGN_ENTITLEMENTS = Offradio/Offradio.entitlements;
				DEBUG_INFORMATION_FORMAT = "dwarf-with-dsym";
				DEVELOPMENT_TEAM = 5Y92JCRVR7;
				INFOPLIST_FILE = Offradio/Info.plist;
				IPHONEOS_DEPLOYMENT_TARGET = 9.0;
				LD_RUNPATH_SEARCH_PATHS = "$(inherited) @executable_path/Frameworks";
				LIBRARY_SEARCH_PATHS = (
					"$(inherited)",
					"$(PROJECT_DIR)/Offradio/Vendor/RadioKitLib",
				);
				PRODUCT_BUNDLE_IDENTIFIER = gr.funkytaps.offradio;
				PRODUCT_NAME = "$(TARGET_NAME)";
				SWIFT_OBJC_BRIDGING_HEADER = "Offradio/Offradio-Bridging-Header.h";
				SWIFT_VERSION = 3.0;
			};
			name = Debug;
		};
		B54BC8CF1E36A9DC0043F248 /* Release */ = {
			isa = XCBuildConfiguration;
			baseConfigurationReference = 819B564ECCD7BD5F563B5D8C /* Pods-Offradio.release.xcconfig */;
			buildSettings = {
				ALWAYS_EMBED_SWIFT_STANDARD_LIBRARIES = YES;
				ASSETCATALOG_COMPILER_APPICON_NAME = AppIcon;
				ASSETCATALOG_COMPILER_LAUNCHIMAGE_NAME = LaunchImage;
				CODE_SIGN_ENTITLEMENTS = Offradio/Offradio.entitlements;
				DEVELOPMENT_TEAM = 5Y92JCRVR7;
				INFOPLIST_FILE = Offradio/Info.plist;
				IPHONEOS_DEPLOYMENT_TARGET = 9.0;
				LD_RUNPATH_SEARCH_PATHS = "$(inherited) @executable_path/Frameworks";
				LIBRARY_SEARCH_PATHS = (
					"$(inherited)",
					"$(PROJECT_DIR)/Offradio/Vendor/RadioKitLib",
				);
				PRODUCT_BUNDLE_IDENTIFIER = gr.funkytaps.offradio;
				PRODUCT_NAME = "$(TARGET_NAME)";
				SWIFT_OBJC_BRIDGING_HEADER = "Offradio/Offradio-Bridging-Header.h";
				SWIFT_VERSION = 3.0;
			};
			name = Release;
		};
		B54BC8D11E36A9DC0043F248 /* Debug */ = {
			isa = XCBuildConfiguration;
			baseConfigurationReference = 6232C0D2873BE6069CA161F0 /* Pods-OffradioTests.debug.xcconfig */;
			buildSettings = {
				ALWAYS_EMBED_SWIFT_STANDARD_LIBRARIES = YES;
				BUNDLE_LOADER = "$(TEST_HOST)";
				DEVELOPMENT_TEAM = 5Y92JCRVR7;
				INFOPLIST_FILE = OffradioTests/Info.plist;
				LD_RUNPATH_SEARCH_PATHS = "$(inherited) @executable_path/Frameworks @loader_path/Frameworks";
				PRODUCT_BUNDLE_IDENTIFIER = gr.funkytaps.OffradioTests;
				PRODUCT_NAME = "$(TARGET_NAME)";
				SWIFT_VERSION = 3.0;
				TEST_HOST = "$(BUILT_PRODUCTS_DIR)/Offradio.app/Offradio";
			};
			name = Debug;
		};
		B54BC8D21E36A9DC0043F248 /* Release */ = {
			isa = XCBuildConfiguration;
			baseConfigurationReference = F3307E9F50442DCB082FC1A7 /* Pods-OffradioTests.release.xcconfig */;
			buildSettings = {
				ALWAYS_EMBED_SWIFT_STANDARD_LIBRARIES = YES;
				BUNDLE_LOADER = "$(TEST_HOST)";
				DEVELOPMENT_TEAM = 5Y92JCRVR7;
				INFOPLIST_FILE = OffradioTests/Info.plist;
				LD_RUNPATH_SEARCH_PATHS = "$(inherited) @executable_path/Frameworks @loader_path/Frameworks";
				PRODUCT_BUNDLE_IDENTIFIER = gr.funkytaps.OffradioTests;
				PRODUCT_NAME = "$(TARGET_NAME)";
				SWIFT_VERSION = 3.0;
				TEST_HOST = "$(BUILT_PRODUCTS_DIR)/Offradio.app/Offradio";
			};
			name = Release;
		};
		B54BC8D41E36A9DC0043F248 /* Debug */ = {
			isa = XCBuildConfiguration;
			baseConfigurationReference = 23E26FC1A6E4FE410F671920 /* Pods-OffradioUITests.debug.xcconfig */;
			buildSettings = {
				ALWAYS_EMBED_SWIFT_STANDARD_LIBRARIES = YES;
				DEVELOPMENT_TEAM = 5Y92JCRVR7;
				INFOPLIST_FILE = OffradioUITests/Info.plist;
				LD_RUNPATH_SEARCH_PATHS = "$(inherited) @executable_path/Frameworks @loader_path/Frameworks";
				PRODUCT_BUNDLE_IDENTIFIER = gr.funkytaps.OffradioUITests;
				PRODUCT_NAME = "$(TARGET_NAME)";
				SWIFT_VERSION = 3.0;
				TEST_TARGET_NAME = Offradio;
			};
			name = Debug;
		};
		B54BC8D51E36A9DC0043F248 /* Release */ = {
			isa = XCBuildConfiguration;
			baseConfigurationReference = 05C5D6DC0F4FDA8BBB1DAB1F /* Pods-OffradioUITests.release.xcconfig */;
			buildSettings = {
				ALWAYS_EMBED_SWIFT_STANDARD_LIBRARIES = YES;
				DEVELOPMENT_TEAM = 5Y92JCRVR7;
				INFOPLIST_FILE = OffradioUITests/Info.plist;
				LD_RUNPATH_SEARCH_PATHS = "$(inherited) @executable_path/Frameworks @loader_path/Frameworks";
				PRODUCT_BUNDLE_IDENTIFIER = gr.funkytaps.OffradioUITests;
				PRODUCT_NAME = "$(TARGET_NAME)";
				SWIFT_VERSION = 3.0;
				TEST_TARGET_NAME = Offradio;
			};
			name = Release;
		};
/* End XCBuildConfiguration section */

/* Begin XCConfigurationList section */
		B54BC89E1E36A9DB0043F248 /* Build configuration list for PBXProject "Offradio" */ = {
			isa = XCConfigurationList;
			buildConfigurations = (
				B54BC8CB1E36A9DC0043F248 /* Debug */,
				B54BC8CC1E36A9DC0043F248 /* Release */,
			);
			defaultConfigurationIsVisible = 0;
			defaultConfigurationName = Release;
		};
		B54BC8CD1E36A9DC0043F248 /* Build configuration list for PBXNativeTarget "Offradio" */ = {
			isa = XCConfigurationList;
			buildConfigurations = (
				B54BC8CE1E36A9DC0043F248 /* Debug */,
				B54BC8CF1E36A9DC0043F248 /* Release */,
			);
			defaultConfigurationIsVisible = 0;
			defaultConfigurationName = Release;
		};
		B54BC8D01E36A9DC0043F248 /* Build configuration list for PBXNativeTarget "OffradioTests" */ = {
			isa = XCConfigurationList;
			buildConfigurations = (
				B54BC8D11E36A9DC0043F248 /* Debug */,
				B54BC8D21E36A9DC0043F248 /* Release */,
			);
			defaultConfigurationIsVisible = 0;
			defaultConfigurationName = Release;
		};
		B54BC8D31E36A9DC0043F248 /* Build configuration list for PBXNativeTarget "OffradioUITests" */ = {
			isa = XCConfigurationList;
			buildConfigurations = (
				B54BC8D41E36A9DC0043F248 /* Debug */,
				B54BC8D51E36A9DC0043F248 /* Release */,
			);
			defaultConfigurationIsVisible = 0;
			defaultConfigurationName = Release;
		};
/* End XCConfigurationList section */
	};
	rootObject = B54BC89B1E36A9DB0043F248 /* Project object */;
}
